// !$*UTF8*$!
{
	archiveVersion = 1;
	classes = {
	};
	objectVersion = 55;
	objects = {

/* Begin PBXBuildFile section */
		150072F4289A2042005B6A93 /* ProductCell.swift in Sources */ = {isa = PBXBuildFile; fileRef = 150072F3289A2042005B6A93 /* ProductCell.swift */; };
		150072F9289A3DFD005B6A93 /* ProductDetailView.swift in Sources */ = {isa = PBXBuildFile; fileRef = 150072F8289A3DFD005B6A93 /* ProductDetailView.swift */; };
		1514A0FC28B7510C0040F681 /* PickUpLocation .swift in Sources */ = {isa = PBXBuildFile; fileRef = 1514A0FB28B7510C0040F681 /* PickUpLocation .swift */; };
		1514A0FE28B753BB0040F681 /* PickUpLocationMap .swift in Sources */ = {isa = PBXBuildFile; fileRef = 1514A0FD28B753BB0040F681 /* PickUpLocationMap .swift */; };
		1514A10028B7594F0040F681 /* ItemCaution.swift in Sources */ = {isa = PBXBuildFile; fileRef = 1514A0FF28B7594F0040F681 /* ItemCaution.swift */; };
		1514A10228B75CDA0040F681 /* HeightSetterView.swift in Sources */ = {isa = PBXBuildFile; fileRef = 1514A10128B75CDA0040F681 /* HeightSetterView.swift */; };
		151B557128BCA1AA0090A5E8 /* Reponses.swift in Sources */ = {isa = PBXBuildFile; fileRef = 151B557028BCA1AA0090A5E8 /* Reponses.swift */; };
		151B557528BCAA2F0090A5E8 /* Modal .swift in Sources */ = {isa = PBXBuildFile; fileRef = 151B557428BCAA2F0090A5E8 /* Modal .swift */; };
		151E4E9028C4620400FFB668 /* ManageMemberCell.swift in Sources */ = {isa = PBXBuildFile; fileRef = 151E4E8F28C4620400FFB668 /* ManageMemberCell.swift */; };
		151E4E9228C4948600FFB668 /* SlideResettableScrollView.swift in Sources */ = {isa = PBXBuildFile; fileRef = 151E4E9128C4948600FFB668 /* SlideResettableScrollView.swift */; };
		15228AB928C891A600A0B3C5 /* Alamofire in Frameworks */ = {isa = PBXBuildFile; productRef = 15228AB828C891A600A0B3C5 /* Alamofire */; };
		15228ABB28C8970A00A0B3C5 /* RentalCell.swift in Sources */ = {isa = PBXBuildFile; fileRef = 15228ABA28C8970A00A0B3C5 /* RentalCell.swift */; };
		15228ABD28C89FA200A0B3C5 /* ProductData.swift in Sources */ = {isa = PBXBuildFile; fileRef = 15228ABC28C89FA200A0B3C5 /* ProductData.swift */; };
		15228ABF28C8A06300A0B3C5 /* NoticeData.swift in Sources */ = {isa = PBXBuildFile; fileRef = 15228ABE28C8A06300A0B3C5 /* NoticeData.swift */; };
		15228AC128C8A08D00A0B3C5 /* ClubData.swift in Sources */ = {isa = PBXBuildFile; fileRef = 15228AC028C8A08D00A0B3C5 /* ClubData.swift */; };
		1523D5D828BDC986009EB733 /* UserData.swift in Sources */ = {isa = PBXBuildFile; fileRef = 1523D5D728BDC986009EB733 /* UserData.swift */; };
		1523D5E028BE138B009EB733 /* AssetImages.swift in Sources */ = {isa = PBXBuildFile; fileRef = 1523D5DF28BE138A009EB733 /* AssetImages.swift */; };
		1523D5E228BE291C009EB733 /* MemberManagementView.swift in Sources */ = {isa = PBXBuildFile; fileRef = 1523D5E128BE291C009EB733 /* MemberManagementView.swift */; };
		1523D5E528BE29E9009EB733 /* ManagementViewModel.swift in Sources */ = {isa = PBXBuildFile; fileRef = 1523D5E428BE29E9009EB733 /* ManagementViewModel.swift */; };
		1523D5E828BE2C8D009EB733 /* NoticeManagementView.swift in Sources */ = {isa = PBXBuildFile; fileRef = 1523D5E728BE2C8D009EB733 /* NoticeManagementView.swift */; };
		1523D5EA28BE2CE7009EB733 /* CreateNoticeView.swift in Sources */ = {isa = PBXBuildFile; fileRef = 1523D5E928BE2CE7009EB733 /* CreateNoticeView.swift */; };
		1523D5EF28BE33C4009EB733 /* EditorPlaceholder.swift in Sources */ = {isa = PBXBuildFile; fileRef = 1523D5EE28BE33C4009EB733 /* EditorPlaceholder.swift */; };
		15246BD92884FD9A000BDFC8 /* LoginVM.swift in Sources */ = {isa = PBXBuildFile; fileRef = 15246BD82884FD9A000BDFC8 /* LoginVM.swift */; };
		1525F5FC28B731A600C7CA51 /* ImagesPicker.swift in Sources */ = {isa = PBXBuildFile; fileRef = 1525F5FB28B731A600C7CA51 /* ImagesPicker.swift */; };
		1525F5FE28B7362C00C7CA51 /* ItemInformation.swift in Sources */ = {isa = PBXBuildFile; fileRef = 1525F5FD28B7362C00C7CA51 /* ItemInformation.swift */; };
		1525F60128B7366B00C7CA51 /* ItemViewModel.swift in Sources */ = {isa = PBXBuildFile; fileRef = 1525F60028B7366B00C7CA51 /* ItemViewModel.swift */; };
		1525F60428B739EF00C7CA51 /* enums.swift in Sources */ = {isa = PBXBuildFile; fileRef = 1525F60328B739EF00C7CA51 /* enums.swift */; };
		1525F60628B73B4700C7CA51 /* ItemCategory.swift in Sources */ = {isa = PBXBuildFile; fileRef = 1525F60528B73B4700C7CA51 /* ItemCategory.swift */; };
		152980F0288D39E500537A80 /* ClubPage.swift in Sources */ = {isa = PBXBuildFile; fileRef = 152980EF288D39E500537A80 /* ClubPage.swift */; };
		152C3E81287E5E84000BFC97 /* SignUp.swift in Sources */ = {isa = PBXBuildFile; fileRef = 152C3E80287E5E84000BFC97 /* SignUp.swift */; };
		152C3E83287E63D0000BFC97 /* BottomLineTextField.swift in Sources */ = {isa = PBXBuildFile; fileRef = 152C3E82287E63D0000BFC97 /* BottomLineTextField.swift */; };
		152C3E85287E6D6C000BFC97 /* BottomLinePlaceholder.swift in Sources */ = {isa = PBXBuildFile; fileRef = 152C3E84287E6D6C000BFC97 /* BottomLinePlaceholder.swift */; };
		152C3E87287E7750000BFC97 /* Certification.swift in Sources */ = {isa = PBXBuildFile; fileRef = 152C3E86287E7750000BFC97 /* Certification.swift */; };
		152C6F5128C83F1A00AA420A /* ColorExtension.swift in Sources */ = {isa = PBXBuildFile; fileRef = 152C6F5028C83F1A00AA420A /* ColorExtension.swift */; };
		152C6F5428C842E600AA420A /* StringExtension.swift in Sources */ = {isa = PBXBuildFile; fileRef = 152C6F5328C842E600AA420A /* StringExtension.swift */; };
		152C6F5728C8551500AA420A /* RentalData.swift in Sources */ = {isa = PBXBuildFile; fileRef = 152C6F5628C8551500AA420A /* RentalData.swift */; };
		152CA1D1288F84EE00DDC0E2 /* SignUpSuccess.swift in Sources */ = {isa = PBXBuildFile; fileRef = 152CA1D0288F84EE00DDC0E2 /* SignUpSuccess.swift */; };
		152D462E28C5DF3A008F26E0 /* AmongTabsViewModel.swift in Sources */ = {isa = PBXBuildFile; fileRef = 152D462D28C5DF3A008F26E0 /* AmongTabsViewModel.swift */; };
		152D463028C606E5008F26E0 /* MapViewModel.swift in Sources */ = {isa = PBXBuildFile; fileRef = 152D462F28C606E5008F26E0 /* MapViewModel.swift */; };
		15382ECA28C1A338004D7977 /* ManageNoticeCell.swift in Sources */ = {isa = PBXBuildFile; fileRef = 15382EC928C1A338004D7977 /* ManageNoticeCell.swift */; };
		153C1A6E288CDED600F89B2E /* NotoSansKR-Regular.otf in Resources */ = {isa = PBXBuildFile; fileRef = 153C1A6D288CDED600F89B2E /* NotoSansKR-Regular.otf */; };
		153C1A70288CE3A900F89B2E /* Roboto-Black.ttf in Resources */ = {isa = PBXBuildFile; fileRef = 153C1A6F288CE3A900F89B2E /* Roboto-Black.ttf */; };
		153C1A72288CE48900F89B2E /* Roboto-Regular.ttf in Resources */ = {isa = PBXBuildFile; fileRef = 153C1A71288CE48900F89B2E /* Roboto-Regular.ttf */; };
		153C1A74288CEB7800F89B2E /* Roboto-Medium.ttf in Resources */ = {isa = PBXBuildFile; fileRef = 153C1A73288CEB7800F89B2E /* Roboto-Medium.ttf */; };
		153C1A76288CEB9300F89B2E /* Roboto-Bold.ttf in Resources */ = {isa = PBXBuildFile; fileRef = 153C1A75288CEB9300F89B2E /* Roboto-Bold.ttf */; };
		153C1A7B288CF7D600F89B2E /* ClubProfile.swift in Sources */ = {isa = PBXBuildFile; fileRef = 153C1A7A288CF7D600F89B2E /* ClubProfile.swift */; };
		153C1A7D288D0A1F00F89B2E /* ClubProfileViewModel.swift in Sources */ = {isa = PBXBuildFile; fileRef = 153C1A7C288D0A1F00F89B2E /* ClubProfileViewModel.swift */; };
		153C1A80288D113F00F89B2E /* SimpleBottomLine .swift in Sources */ = {isa = PBXBuildFile; fileRef = 153C1A7F288D113F00F89B2E /* SimpleBottomLine .swift */; };
		154553CD28A34B25005E7FDB /* RentalSheet.swift in Sources */ = {isa = PBXBuildFile; fileRef = 154553CC28A34B25005E7FDB /* RentalSheet.swift */; };
		154553CF28A34DB3005E7FDB /* NotoSansKR-Light.otf in Resources */ = {isa = PBXBuildFile; fileRef = 154553CE28A34DB3005E7FDB /* NotoSansKR-Light.otf */; };
		154553D128A351AA005E7FDB /* RentalComplete.swift in Sources */ = {isa = PBXBuildFile; fileRef = 154553D028A351AA005E7FDB /* RentalComplete.swift */; };
		154553D328A35412005E7FDB /* NotoSansKR-Black.otf in Resources */ = {isa = PBXBuildFile; fileRef = 154553D228A35412005E7FDB /* NotoSansKR-Black.otf */; };
		154553D528A35CC3005E7FDB /* ItemVM.swift in Sources */ = {isa = PBXBuildFile; fileRef = 154553D428A35CC3005E7FDB /* ItemVM.swift */; };
		154B6B4428C31215004962B9 /* DoubleWheelPicker .swift in Sources */ = {isa = PBXBuildFile; fileRef = 154B6B4328C31215004962B9 /* DoubleWheelPicker .swift */; };
		1550ECAB28B35C6B00BECBE7 /* CustomToggleStyle.swift in Sources */ = {isa = PBXBuildFile; fileRef = 1550ECAA28B35C6B00BECBE7 /* CustomToggleStyle.swift */; };
		155CED5F28A0EA380032C1BA /* GroupTabVM.swift in Sources */ = {isa = PBXBuildFile; fileRef = 155CED5E28A0EA380032C1BA /* GroupTabVM.swift */; };
		156386B9288A513B006653E8 /* Ren2UTab.swift in Sources */ = {isa = PBXBuildFile; fileRef = 156386B8288A513B006653E8 /* Ren2UTab.swift */; };
		156386C0288A5249006653E8 /* HomeTab.swift in Sources */ = {isa = PBXBuildFile; fileRef = 156386BF288A5249006653E8 /* HomeTab.swift */; };
		156386C2288A5252006653E8 /* ClubTab.swift in Sources */ = {isa = PBXBuildFile; fileRef = 156386C1288A5252006653E8 /* ClubTab.swift */; };
		156386C4288A525C006653E8 /* RentalTab.swift in Sources */ = {isa = PBXBuildFile; fileRef = 156386C3288A525C006653E8 /* RentalTab.swift */; };
		156386C6288A5263006653E8 /* MyPageTab.swift in Sources */ = {isa = PBXBuildFile; fileRef = 156386C5288A5263006653E8 /* MyPageTab.swift */; };
		156386CB288A5B2F006653E8 /* GroupSelected.swift in Sources */ = {isa = PBXBuildFile; fileRef = 156386CA288A5B2F006653E8 /* GroupSelected.swift */; };
		156386D2288A5D1A006653E8 /* ClubViewModel.swift in Sources */ = {isa = PBXBuildFile; fileRef = 156386D1288A5D1A006653E8 /* ClubViewModel.swift */; };
		156386D4288A5D84006653E8 /* FavoriteGroupCell.swift in Sources */ = {isa = PBXBuildFile; fileRef = 156386D3288A5D84006653E8 /* FavoriteGroupCell.swift */; };
		156386DC288A6E0B006653E8 /* HorizontalClubCell.swift in Sources */ = {isa = PBXBuildFile; fileRef = 156386DB288A6E0B006653E8 /* HorizontalClubCell.swift */; };
		1563FE8E28ADDF5600F46CC7 /* ClubManagementView.swift in Sources */ = {isa = PBXBuildFile; fileRef = 1563FE8D28ADDF5600F46CC7 /* ClubManagementView.swift */; };
		1563FE9028ADEE0E00F46CC7 /* ManageRentalCell.swift in Sources */ = {isa = PBXBuildFile; fileRef = 1563FE8F28ADEE0E00F46CC7 /* ManageRentalCell.swift */; };
		1563FE9328ADEF9000F46CC7 /* SignUpNoticeCell.swift in Sources */ = {isa = PBXBuildFile; fileRef = 1563FE9228ADEF9000F46CC7 /* SignUpNoticeCell.swift */; };
		1563FE9528ADF62E00F46CC7 /* ReturnNoticeCell.swift in Sources */ = {isa = PBXBuildFile; fileRef = 1563FE9428ADF62E00F46CC7 /* ReturnNoticeCell.swift */; };
		1563FE9728ADF6EE00F46CC7 /* RentalViewModel.swift in Sources */ = {isa = PBXBuildFile; fileRef = 1563FE9628ADF6EE00F46CC7 /* RentalViewModel.swift */; };
		1563FE9928ADFBA700F46CC7 /* RetnalNoticeCell.swift in Sources */ = {isa = PBXBuildFile; fileRef = 1563FE9828ADFBA700F46CC7 /* RetnalNoticeCell.swift */; };
		1563FE9B28AE059D00F46CC7 /* ReturnManagement.swift in Sources */ = {isa = PBXBuildFile; fileRef = 1563FE9A28AE059D00F46CC7 /* ReturnManagement.swift */; };
		156673DC28C1B6660011535D /* CellWithTwoSlideButton.swift in Sources */ = {isa = PBXBuildFile; fileRef = 156673DB28C1B6660011535D /* CellWithTwoSlideButton.swift */; };
		156673DE28C1C6860011535D /* MaxYSetterView.swift in Sources */ = {isa = PBXBuildFile; fileRef = 156673DD28C1C6860011535D /* MaxYSetterView.swift */; };
		1570663628A53139002F7365 /* BounceControllScrollView.swift in Sources */ = {isa = PBXBuildFile; fileRef = 1570663528A53139002F7365 /* BounceControllScrollView.swift */; };
		1570663828A5413B002F7365 /* RefreshableScrollView.swift in Sources */ = {isa = PBXBuildFile; fileRef = 1570663728A5413B002F7365 /* RefreshableScrollView.swift */; };
		157190E828B6F5F300880F98 /* RentalAndItemManagement.swift in Sources */ = {isa = PBXBuildFile; fileRef = 157190E728B6F5F300880F98 /* RentalAndItemManagement.swift */; };
		157190EA28B6FE0F00880F98 /* WidthSetterView .swift in Sources */ = {isa = PBXBuildFile; fileRef = 157190E928B6FE0F00880F98 /* WidthSetterView .swift */; };
		157190ED28B7023600880F98 /* RentalManagementSelected.swift in Sources */ = {isa = PBXBuildFile; fileRef = 157190EC28B7023600880F98 /* RentalManagementSelected.swift */; };
		157190EF28B7024D00880F98 /* ProductManageView.swift in Sources */ = {isa = PBXBuildFile; fileRef = 157190EE28B7024D00880F98 /* ProductManageView.swift */; };
		157190F128B7043100880F98 /* PlusCircle.swift in Sources */ = {isa = PBXBuildFile; fileRef = 157190F028B7043100880F98 /* PlusCircle.swift */; };
		157190F328B7053200880F98 /* ItemPhoto.swift in Sources */ = {isa = PBXBuildFile; fileRef = 157190F228B7053200880F98 /* ItemPhoto.swift */; };
		157190F628B7072200880F98 /* RightArrow.swift in Sources */ = {isa = PBXBuildFile; fileRef = 157190F528B7072200880F98 /* RightArrow.swift */; };
		15799D4028C789A70032D884 /* ManageProductCell.swift in Sources */ = {isa = PBXBuildFile; fileRef = 15799D3F28C789A70032D884 /* ManageProductCell.swift */; };
		158011792893992A006016AD /* ImagePicker.swift in Sources */ = {isa = PBXBuildFile; fileRef = 158011782893992A006016AD /* ImagePicker.swift */; };
		1586873A287EBB3F0003C2DC /* CertificationVM.swift in Sources */ = {isa = PBXBuildFile; fileRef = 15868739287EBB3F0003C2DC /* CertificationVM.swift */; };
		1589C16D28C8914700D83FCC /* HidableTabView in Frameworks */ = {isa = PBXBuildFile; productRef = 1589C16C28C8914700D83FCC /* HidableTabView */; };
		1589C17028C8915300D83FCC /* Introspect in Frameworks */ = {isa = PBXBuildFile; productRef = 1589C16F28C8915300D83FCC /* Introspect */; };
		1589C17328C8917C00D83FCC /* Kingfisher in Frameworks */ = {isa = PBXBuildFile; productRef = 1589C17228C8917C00D83FCC /* Kingfisher */; };
		159F086828AC72170008EC16 /* RentalDatePicker.swift in Sources */ = {isa = PBXBuildFile; fileRef = 159F086728AC72170008EC16 /* RentalDatePicker.swift */; };
		159F086C28ACAFBC0008EC16 /* RentalDetailVM.swift in Sources */ = {isa = PBXBuildFile; fileRef = 159F086B28ACAFBC0008EC16 /* RentalDetailVM.swift */; };
		159F1B21288B88DB00012113 /* Variables.swift in Sources */ = {isa = PBXBuildFile; fileRef = 159F1B20288B88DB00012113 /* Variables.swift */; };
		159F1B26288BA16000012113 /* CustomFont.swift in Sources */ = {isa = PBXBuildFile; fileRef = 159F1B25288BA16000012113 /* CustomFont.swift */; };
		159F1B27288BA6B100012113 /* NotoSansKR-Medium.otf in Resources */ = {isa = PBXBuildFile; fileRef = 159F1B23288B9F9A00012113 /* NotoSansKR-Medium.otf */; };
		15AC7E3A28BF2ECE00879106 /* ManageSignUpCell.swift in Sources */ = {isa = PBXBuildFile; fileRef = 15AC7E3928BF2ECE00879106 /* ManageSignUpCell.swift */; };
		15B63DA428AF38EA000AB82D /* ViewExtensions .swift in Sources */ = {isa = PBXBuildFile; fileRef = 15B63DA328AF38EA000AB82D /* ViewExtensions .swift */; };
		15BDC4222881218500514EF1 /* AuthViewModel.swift in Sources */ = {isa = PBXBuildFile; fileRef = 15BDC4212881218500514EF1 /* AuthViewModel.swift */; };
		15C03145289CD5E500D0354E /* RentalTabVM.swift in Sources */ = {isa = PBXBuildFile; fileRef = 15C03144289CD5E500D0354E /* RentalTabVM.swift */; };
		15CFAD2A28B7456E0004CDF7 /* ItemInformation2.swift in Sources */ = {isa = PBXBuildFile; fileRef = 15CFAD2928B7456E0004CDF7 /* ItemInformation2.swift */; };
		15D4C581287FF15A008BB89B /* NavigationBarColor.swift in Sources */ = {isa = PBXBuildFile; fileRef = 15D4C580287FF15A008BB89B /* NavigationBarColor.swift */; };
		15D4C583287FF7C0008BB89B /* SignUpVM.swift in Sources */ = {isa = PBXBuildFile; fileRef = 15D4C582287FF7C0008BB89B /* SignUpVM.swift */; };
		15D4C58528800AB4008BB89B /* PasswordTextField.swift in Sources */ = {isa = PBXBuildFile; fileRef = 15D4C58428800AB4008BB89B /* PasswordTextField.swift */; };
		15D774F4288E2B8A00428465 /* NoticeCell.swift in Sources */ = {isa = PBXBuildFile; fileRef = 15D774F3288E2B8A00428465 /* NoticeCell.swift */; };
		15D774F6288E37A900428465 /* RentalItemVCell.swift in Sources */ = {isa = PBXBuildFile; fileRef = 15D774F5288E37A900428465 /* RentalItemVCell.swift */; };
		15F3672D289252B70073E094 /* SearchBar.swift in Sources */ = {isa = PBXBuildFile; fileRef = 15F3672C289252B70073E094 /* SearchBar.swift */; };
		15F3672F289261300073E094 /* ShadowRectangle.swift in Sources */ = {isa = PBXBuildFile; fileRef = 15F3672E289261300073E094 /* ShadowRectangle.swift */; };
		15F3673528926F6F0073E094 /* ClubSearch.swift in Sources */ = {isa = PBXBuildFile; fileRef = 15F3673428926F6F0073E094 /* ClubSearch.swift */; };
		15F3673728927E770073E094 /* TransparentDivider.swift in Sources */ = {isa = PBXBuildFile; fileRef = 15F3673628927E770073E094 /* TransparentDivider.swift */; };
		15F4594228B31C86003E3C60 /* NotoSansKR-Bold.otf in Resources */ = {isa = PBXBuildFile; fileRef = 15F4594128B31C86003E3C60 /* NotoSansKR-Bold.otf */; };
		15FA687928BC5A2400B3DF0B /* Param.swift in Sources */ = {isa = PBXBuildFile; fileRef = 15FA687828BC5A2400B3DF0B /* Param.swift */; };
		15FA687B28BC62B800B3DF0B /* Profile.swift in Sources */ = {isa = PBXBuildFile; fileRef = 15FA687A28BC62B800B3DF0B /* Profile.swift */; };
		15FA688228BC718500B3DF0B /* GroupManagementExtension.swift in Sources */ = {isa = PBXBuildFile; fileRef = 15FA688128BC718500B3DF0B /* GroupManagementExtension.swift */; };
		15FAF134287D5DFF00B35570 /* Ren2UApp.swift in Sources */ = {isa = PBXBuildFile; fileRef = 15FAF133287D5DFF00B35570 /* Ren2UApp.swift */; };
		15FAF136287D5DFF00B35570 /* ContentView.swift in Sources */ = {isa = PBXBuildFile; fileRef = 15FAF135287D5DFF00B35570 /* ContentView.swift */; };
		15FAF138287D5E0000B35570 /* Assets.xcassets in Resources */ = {isa = PBXBuildFile; fileRef = 15FAF137287D5E0000B35570 /* Assets.xcassets */; };
		15FAF13B287D5E0000B35570 /* Preview Assets.xcassets in Resources */ = {isa = PBXBuildFile; fileRef = 15FAF13A287D5E0000B35570 /* Preview Assets.xcassets */; };
		15FAF145287D5E0000B35570 /* Ren2UTests.swift in Sources */ = {isa = PBXBuildFile; fileRef = 15FAF144287D5E0000B35570 /* Ren2UTests.swift */; };
		15FAF14F287D5E0000B35570 /* Ren2UUITests.swift in Sources */ = {isa = PBXBuildFile; fileRef = 15FAF14E287D5E0000B35570 /* Ren2UUITests.swift */; };
		15FAF151287D5E0000B35570 /* Ren2UUITestsLaunchTests.swift in Sources */ = {isa = PBXBuildFile; fileRef = 15FAF150287D5E0000B35570 /* Ren2UUITestsLaunchTests.swift */; };
		15FAF15F287D5E1800B35570 /* Login.swift in Sources */ = {isa = PBXBuildFile; fileRef = 15FAF15E287D5E1800B35570 /* Login.swift */; };
		15FAF163287D5F0300B35570 /* CapsulePlaceholder.swift in Sources */ = {isa = PBXBuildFile; fileRef = 15FAF162287D5F0300B35570 /* CapsulePlaceholder.swift */; };
		15FAF165287D5FFD00B35570 /* CapsuleSecurePlaceholder.swift in Sources */ = {isa = PBXBuildFile; fileRef = 15FAF164287D5FFD00B35570 /* CapsuleSecurePlaceholder.swift */; };
		15FAF169287D607800B35570 /* Extension.swift in Sources */ = {isa = PBXBuildFile; fileRef = 15FAF168287D607800B35570 /* Extension.swift */; };
		15FD7CCD28C8EF7D007C4E96 /* CellWithOneSlideButton.swift in Sources */ = {isa = PBXBuildFile; fileRef = 15FD7CCC28C8EF7D007C4E96 /* CellWithOneSlideButton.swift */; };
/* End PBXBuildFile section */

/* Begin PBXContainerItemProxy section */
		15FAF141287D5E0000B35570 /* PBXContainerItemProxy */ = {
			isa = PBXContainerItemProxy;
			containerPortal = 15FAF128287D5DFF00B35570 /* Project object */;
			proxyType = 1;
			remoteGlobalIDString = 15FAF12F287D5DFF00B35570;
			remoteInfo = Ren2U;
		};
		15FAF14B287D5E0000B35570 /* PBXContainerItemProxy */ = {
			isa = PBXContainerItemProxy;
			containerPortal = 15FAF128287D5DFF00B35570 /* Project object */;
			proxyType = 1;
			remoteGlobalIDString = 15FAF12F287D5DFF00B35570;
			remoteInfo = Ren2U;
		};
/* End PBXContainerItemProxy section */

/* Begin PBXFileReference section */
		150072F3289A2042005B6A93 /* ProductCell.swift */ = {isa = PBXFileReference; lastKnownFileType = sourcecode.swift; path = ProductCell.swift; sourceTree = "<group>"; };
		150072F8289A3DFD005B6A93 /* ProductDetailView.swift */ = {isa = PBXFileReference; lastKnownFileType = sourcecode.swift; path = ProductDetailView.swift; sourceTree = "<group>"; };
		1514A0FB28B7510C0040F681 /* PickUpLocation .swift */ = {isa = PBXFileReference; lastKnownFileType = sourcecode.swift; path = "PickUpLocation .swift"; sourceTree = "<group>"; };
		1514A0FD28B753BB0040F681 /* PickUpLocationMap .swift */ = {isa = PBXFileReference; lastKnownFileType = sourcecode.swift; path = "PickUpLocationMap .swift"; sourceTree = "<group>"; };
		1514A0FF28B7594F0040F681 /* ItemCaution.swift */ = {isa = PBXFileReference; lastKnownFileType = sourcecode.swift; path = ItemCaution.swift; sourceTree = "<group>"; };
		1514A10128B75CDA0040F681 /* HeightSetterView.swift */ = {isa = PBXFileReference; lastKnownFileType = sourcecode.swift; path = HeightSetterView.swift; sourceTree = "<group>"; };
		151B557028BCA1AA0090A5E8 /* Reponses.swift */ = {isa = PBXFileReference; lastKnownFileType = sourcecode.swift; path = Reponses.swift; sourceTree = "<group>"; };
		151B557428BCAA2F0090A5E8 /* Modal .swift */ = {isa = PBXFileReference; lastKnownFileType = sourcecode.swift; path = "Modal .swift"; sourceTree = "<group>"; };
		151E4E8F28C4620400FFB668 /* ManageMemberCell.swift */ = {isa = PBXFileReference; lastKnownFileType = sourcecode.swift; path = ManageMemberCell.swift; sourceTree = "<group>"; };
		151E4E9128C4948600FFB668 /* SlideResettableScrollView.swift */ = {isa = PBXFileReference; lastKnownFileType = sourcecode.swift; path = SlideResettableScrollView.swift; sourceTree = "<group>"; };
		15228ABA28C8970A00A0B3C5 /* RentalCell.swift */ = {isa = PBXFileReference; lastKnownFileType = sourcecode.swift; path = RentalCell.swift; sourceTree = "<group>"; };
		15228ABC28C89FA200A0B3C5 /* ProductData.swift */ = {isa = PBXFileReference; lastKnownFileType = sourcecode.swift; path = ProductData.swift; sourceTree = "<group>"; };
		15228ABE28C8A06300A0B3C5 /* NoticeData.swift */ = {isa = PBXFileReference; lastKnownFileType = sourcecode.swift; path = NoticeData.swift; sourceTree = "<group>"; };
		15228AC028C8A08D00A0B3C5 /* ClubData.swift */ = {isa = PBXFileReference; lastKnownFileType = sourcecode.swift; path = ClubData.swift; sourceTree = "<group>"; };
		1523D5D728BDC986009EB733 /* UserData.swift */ = {isa = PBXFileReference; lastKnownFileType = sourcecode.swift; path = UserData.swift; sourceTree = "<group>"; };
		1523D5DF28BE138A009EB733 /* AssetImages.swift */ = {isa = PBXFileReference; lastKnownFileType = sourcecode.swift; path = AssetImages.swift; sourceTree = "<group>"; };
		1523D5E128BE291C009EB733 /* MemberManagementView.swift */ = {isa = PBXFileReference; lastKnownFileType = sourcecode.swift; path = MemberManagementView.swift; sourceTree = "<group>"; };
		1523D5E428BE29E9009EB733 /* ManagementViewModel.swift */ = {isa = PBXFileReference; lastKnownFileType = sourcecode.swift; path = ManagementViewModel.swift; sourceTree = "<group>"; };
		1523D5E728BE2C8D009EB733 /* NoticeManagementView.swift */ = {isa = PBXFileReference; lastKnownFileType = sourcecode.swift; path = NoticeManagementView.swift; sourceTree = "<group>"; };
		1523D5E928BE2CE7009EB733 /* CreateNoticeView.swift */ = {isa = PBXFileReference; lastKnownFileType = sourcecode.swift; path = CreateNoticeView.swift; sourceTree = "<group>"; };
		1523D5EE28BE33C4009EB733 /* EditorPlaceholder.swift */ = {isa = PBXFileReference; lastKnownFileType = sourcecode.swift; path = EditorPlaceholder.swift; sourceTree = "<group>"; };
		15246BD82884FD9A000BDFC8 /* LoginVM.swift */ = {isa = PBXFileReference; lastKnownFileType = sourcecode.swift; path = LoginVM.swift; sourceTree = "<group>"; };
		1525F5FB28B731A600C7CA51 /* ImagesPicker.swift */ = {isa = PBXFileReference; lastKnownFileType = sourcecode.swift; path = ImagesPicker.swift; sourceTree = "<group>"; };
		1525F5FD28B7362C00C7CA51 /* ItemInformation.swift */ = {isa = PBXFileReference; lastKnownFileType = sourcecode.swift; path = ItemInformation.swift; sourceTree = "<group>"; };
		1525F60028B7366B00C7CA51 /* ItemViewModel.swift */ = {isa = PBXFileReference; lastKnownFileType = sourcecode.swift; path = ItemViewModel.swift; sourceTree = "<group>"; };
		1525F60328B739EF00C7CA51 /* enums.swift */ = {isa = PBXFileReference; lastKnownFileType = sourcecode.swift; path = enums.swift; sourceTree = "<group>"; };
		1525F60528B73B4700C7CA51 /* ItemCategory.swift */ = {isa = PBXFileReference; lastKnownFileType = sourcecode.swift; path = ItemCategory.swift; sourceTree = "<group>"; };
		152980EF288D39E500537A80 /* ClubPage.swift */ = {isa = PBXFileReference; lastKnownFileType = sourcecode.swift; path = ClubPage.swift; sourceTree = "<group>"; };
		152C3E80287E5E84000BFC97 /* SignUp.swift */ = {isa = PBXFileReference; lastKnownFileType = sourcecode.swift; path = SignUp.swift; sourceTree = "<group>"; };
		152C3E82287E63D0000BFC97 /* BottomLineTextField.swift */ = {isa = PBXFileReference; lastKnownFileType = sourcecode.swift; path = BottomLineTextField.swift; sourceTree = "<group>"; };
		152C3E84287E6D6C000BFC97 /* BottomLinePlaceholder.swift */ = {isa = PBXFileReference; lastKnownFileType = sourcecode.swift; path = BottomLinePlaceholder.swift; sourceTree = "<group>"; };
		152C3E86287E7750000BFC97 /* Certification.swift */ = {isa = PBXFileReference; lastKnownFileType = sourcecode.swift; path = Certification.swift; sourceTree = "<group>"; };
		152C6F5028C83F1A00AA420A /* ColorExtension.swift */ = {isa = PBXFileReference; lastKnownFileType = sourcecode.swift; path = ColorExtension.swift; sourceTree = "<group>"; };
		152C6F5328C842E600AA420A /* StringExtension.swift */ = {isa = PBXFileReference; lastKnownFileType = sourcecode.swift; path = StringExtension.swift; sourceTree = "<group>"; };
		152C6F5628C8551500AA420A /* RentalData.swift */ = {isa = PBXFileReference; lastKnownFileType = sourcecode.swift; path = RentalData.swift; sourceTree = "<group>"; };
		152CA1D0288F84EE00DDC0E2 /* SignUpSuccess.swift */ = {isa = PBXFileReference; lastKnownFileType = sourcecode.swift; path = SignUpSuccess.swift; sourceTree = "<group>"; };
		152D462D28C5DF3A008F26E0 /* AmongTabsViewModel.swift */ = {isa = PBXFileReference; lastKnownFileType = sourcecode.swift; path = AmongTabsViewModel.swift; sourceTree = "<group>"; };
		152D462F28C606E5008F26E0 /* MapViewModel.swift */ = {isa = PBXFileReference; lastKnownFileType = sourcecode.swift; path = MapViewModel.swift; sourceTree = "<group>"; };
		15382EC928C1A338004D7977 /* ManageNoticeCell.swift */ = {isa = PBXFileReference; lastKnownFileType = sourcecode.swift; path = ManageNoticeCell.swift; sourceTree = "<group>"; };
		153C1A6D288CDED600F89B2E /* NotoSansKR-Regular.otf */ = {isa = PBXFileReference; lastKnownFileType = file; path = "NotoSansKR-Regular.otf"; sourceTree = "<group>"; };
		153C1A6F288CE3A900F89B2E /* Roboto-Black.ttf */ = {isa = PBXFileReference; lastKnownFileType = file; path = "Roboto-Black.ttf"; sourceTree = "<group>"; };
		153C1A71288CE48900F89B2E /* Roboto-Regular.ttf */ = {isa = PBXFileReference; lastKnownFileType = file; path = "Roboto-Regular.ttf"; sourceTree = "<group>"; };
		153C1A73288CEB7800F89B2E /* Roboto-Medium.ttf */ = {isa = PBXFileReference; lastKnownFileType = file; path = "Roboto-Medium.ttf"; sourceTree = "<group>"; };
		153C1A75288CEB9300F89B2E /* Roboto-Bold.ttf */ = {isa = PBXFileReference; lastKnownFileType = file; path = "Roboto-Bold.ttf"; sourceTree = "<group>"; };
		153C1A7A288CF7D600F89B2E /* ClubProfile.swift */ = {isa = PBXFileReference; lastKnownFileType = sourcecode.swift; path = ClubProfile.swift; sourceTree = "<group>"; };
		153C1A7C288D0A1F00F89B2E /* ClubProfileViewModel.swift */ = {isa = PBXFileReference; lastKnownFileType = sourcecode.swift; path = ClubProfileViewModel.swift; sourceTree = "<group>"; };
		153C1A7F288D113F00F89B2E /* SimpleBottomLine .swift */ = {isa = PBXFileReference; lastKnownFileType = sourcecode.swift; path = "SimpleBottomLine .swift"; sourceTree = "<group>"; };
		154553CC28A34B25005E7FDB /* RentalSheet.swift */ = {isa = PBXFileReference; lastKnownFileType = sourcecode.swift; path = RentalSheet.swift; sourceTree = "<group>"; };
		154553CE28A34DB3005E7FDB /* NotoSansKR-Light.otf */ = {isa = PBXFileReference; lastKnownFileType = file; path = "NotoSansKR-Light.otf"; sourceTree = "<group>"; };
		154553D028A351AA005E7FDB /* RentalComplete.swift */ = {isa = PBXFileReference; lastKnownFileType = sourcecode.swift; path = RentalComplete.swift; sourceTree = "<group>"; };
		154553D228A35412005E7FDB /* NotoSansKR-Black.otf */ = {isa = PBXFileReference; lastKnownFileType = file; path = "NotoSansKR-Black.otf"; sourceTree = "<group>"; };
		154553D428A35CC3005E7FDB /* ItemVM.swift */ = {isa = PBXFileReference; lastKnownFileType = sourcecode.swift; path = ItemVM.swift; sourceTree = "<group>"; };
		154B6B4328C31215004962B9 /* DoubleWheelPicker .swift */ = {isa = PBXFileReference; lastKnownFileType = sourcecode.swift; path = "DoubleWheelPicker .swift"; sourceTree = "<group>"; };
		1550ECAA28B35C6B00BECBE7 /* CustomToggleStyle.swift */ = {isa = PBXFileReference; lastKnownFileType = sourcecode.swift; path = CustomToggleStyle.swift; sourceTree = "<group>"; };
		155CED5E28A0EA380032C1BA /* GroupTabVM.swift */ = {isa = PBXFileReference; lastKnownFileType = sourcecode.swift; path = GroupTabVM.swift; sourceTree = "<group>"; };
		156386B8288A513B006653E8 /* Ren2UTab.swift */ = {isa = PBXFileReference; lastKnownFileType = sourcecode.swift; path = Ren2UTab.swift; sourceTree = "<group>"; };
		156386BF288A5249006653E8 /* HomeTab.swift */ = {isa = PBXFileReference; lastKnownFileType = sourcecode.swift; path = HomeTab.swift; sourceTree = "<group>"; };
		156386C1288A5252006653E8 /* ClubTab.swift */ = {isa = PBXFileReference; lastKnownFileType = sourcecode.swift; path = ClubTab.swift; sourceTree = "<group>"; };
		156386C3288A525C006653E8 /* RentalTab.swift */ = {isa = PBXFileReference; lastKnownFileType = sourcecode.swift; path = RentalTab.swift; sourceTree = "<group>"; };
		156386C5288A5263006653E8 /* MyPageTab.swift */ = {isa = PBXFileReference; lastKnownFileType = sourcecode.swift; path = MyPageTab.swift; sourceTree = "<group>"; };
		156386CA288A5B2F006653E8 /* GroupSelected.swift */ = {isa = PBXFileReference; lastKnownFileType = sourcecode.swift; path = GroupSelected.swift; sourceTree = "<group>"; };
		156386D1288A5D1A006653E8 /* ClubViewModel.swift */ = {isa = PBXFileReference; lastKnownFileType = sourcecode.swift; path = ClubViewModel.swift; sourceTree = "<group>"; };
		156386D3288A5D84006653E8 /* FavoriteGroupCell.swift */ = {isa = PBXFileReference; lastKnownFileType = sourcecode.swift; path = FavoriteGroupCell.swift; sourceTree = "<group>"; };
		156386DB288A6E0B006653E8 /* HorizontalClubCell.swift */ = {isa = PBXFileReference; lastKnownFileType = sourcecode.swift; path = HorizontalClubCell.swift; sourceTree = "<group>"; };
		1563FE8D28ADDF5600F46CC7 /* ClubManagementView.swift */ = {isa = PBXFileReference; lastKnownFileType = sourcecode.swift; path = ClubManagementView.swift; sourceTree = "<group>"; };
		1563FE8F28ADEE0E00F46CC7 /* ManageRentalCell.swift */ = {isa = PBXFileReference; lastKnownFileType = sourcecode.swift; path = ManageRentalCell.swift; sourceTree = "<group>"; };
		1563FE9228ADEF9000F46CC7 /* SignUpNoticeCell.swift */ = {isa = PBXFileReference; lastKnownFileType = sourcecode.swift; path = SignUpNoticeCell.swift; sourceTree = "<group>"; };
		1563FE9428ADF62E00F46CC7 /* ReturnNoticeCell.swift */ = {isa = PBXFileReference; lastKnownFileType = sourcecode.swift; path = ReturnNoticeCell.swift; sourceTree = "<group>"; };
		1563FE9628ADF6EE00F46CC7 /* RentalViewModel.swift */ = {isa = PBXFileReference; lastKnownFileType = sourcecode.swift; path = RentalViewModel.swift; sourceTree = "<group>"; };
		1563FE9828ADFBA700F46CC7 /* RetnalNoticeCell.swift */ = {isa = PBXFileReference; lastKnownFileType = sourcecode.swift; path = RetnalNoticeCell.swift; sourceTree = "<group>"; };
		1563FE9A28AE059D00F46CC7 /* ReturnManagement.swift */ = {isa = PBXFileReference; lastKnownFileType = sourcecode.swift; path = ReturnManagement.swift; sourceTree = "<group>"; };
		156673DB28C1B6660011535D /* CellWithTwoSlideButton.swift */ = {isa = PBXFileReference; lastKnownFileType = sourcecode.swift; path = CellWithTwoSlideButton.swift; sourceTree = "<group>"; };
		156673DD28C1C6860011535D /* MaxYSetterView.swift */ = {isa = PBXFileReference; lastKnownFileType = sourcecode.swift; path = MaxYSetterView.swift; sourceTree = "<group>"; };
		1570663528A53139002F7365 /* BounceControllScrollView.swift */ = {isa = PBXFileReference; lastKnownFileType = sourcecode.swift; path = BounceControllScrollView.swift; sourceTree = "<group>"; };
		1570663728A5413B002F7365 /* RefreshableScrollView.swift */ = {isa = PBXFileReference; lastKnownFileType = sourcecode.swift; path = RefreshableScrollView.swift; sourceTree = "<group>"; };
		157190E728B6F5F300880F98 /* RentalAndItemManagement.swift */ = {isa = PBXFileReference; lastKnownFileType = sourcecode.swift; path = RentalAndItemManagement.swift; sourceTree = "<group>"; };
		157190E928B6FE0F00880F98 /* WidthSetterView .swift */ = {isa = PBXFileReference; lastKnownFileType = sourcecode.swift; path = "WidthSetterView .swift"; sourceTree = "<group>"; };
		157190EC28B7023600880F98 /* RentalManagementSelected.swift */ = {isa = PBXFileReference; lastKnownFileType = sourcecode.swift; path = RentalManagementSelected.swift; sourceTree = "<group>"; };
		157190EE28B7024D00880F98 /* ProductManageView.swift */ = {isa = PBXFileReference; lastKnownFileType = sourcecode.swift; path = ProductManageView.swift; sourceTree = "<group>"; };
		157190F028B7043100880F98 /* PlusCircle.swift */ = {isa = PBXFileReference; lastKnownFileType = sourcecode.swift; path = PlusCircle.swift; sourceTree = "<group>"; };
		157190F228B7053200880F98 /* ItemPhoto.swift */ = {isa = PBXFileReference; lastKnownFileType = sourcecode.swift; path = ItemPhoto.swift; sourceTree = "<group>"; };
		157190F528B7072200880F98 /* RightArrow.swift */ = {isa = PBXFileReference; lastKnownFileType = sourcecode.swift; path = RightArrow.swift; sourceTree = "<group>"; };
		15799D3F28C789A70032D884 /* ManageProductCell.swift */ = {isa = PBXFileReference; lastKnownFileType = sourcecode.swift; path = ManageProductCell.swift; sourceTree = "<group>"; };
		158011782893992A006016AD /* ImagePicker.swift */ = {isa = PBXFileReference; lastKnownFileType = sourcecode.swift; path = ImagePicker.swift; sourceTree = "<group>"; };
		15868739287EBB3F0003C2DC /* CertificationVM.swift */ = {isa = PBXFileReference; lastKnownFileType = sourcecode.swift; path = CertificationVM.swift; sourceTree = "<group>"; };
		159F086728AC72170008EC16 /* RentalDatePicker.swift */ = {isa = PBXFileReference; lastKnownFileType = sourcecode.swift; path = RentalDatePicker.swift; sourceTree = "<group>"; };
		159F086B28ACAFBC0008EC16 /* RentalDetailVM.swift */ = {isa = PBXFileReference; lastKnownFileType = sourcecode.swift; path = RentalDetailVM.swift; sourceTree = "<group>"; };
		159F1B20288B88DB00012113 /* Variables.swift */ = {isa = PBXFileReference; lastKnownFileType = sourcecode.swift; path = Variables.swift; sourceTree = "<group>"; };
		159F1B23288B9F9A00012113 /* NotoSansKR-Medium.otf */ = {isa = PBXFileReference; lastKnownFileType = file; path = "NotoSansKR-Medium.otf"; sourceTree = "<group>"; };
		159F1B24288BA0C200012113 /* Info.plist */ = {isa = PBXFileReference; lastKnownFileType = text.plist.xml; path = Info.plist; sourceTree = "<group>"; };
		159F1B25288BA16000012113 /* CustomFont.swift */ = {isa = PBXFileReference; lastKnownFileType = sourcecode.swift; path = CustomFont.swift; sourceTree = "<group>"; };
		15AC7E3928BF2ECE00879106 /* ManageSignUpCell.swift */ = {isa = PBXFileReference; lastKnownFileType = sourcecode.swift; path = ManageSignUpCell.swift; sourceTree = "<group>"; };
		15B63DA328AF38EA000AB82D /* ViewExtensions .swift */ = {isa = PBXFileReference; lastKnownFileType = sourcecode.swift; path = "ViewExtensions .swift"; sourceTree = "<group>"; };
		15BDC4212881218500514EF1 /* AuthViewModel.swift */ = {isa = PBXFileReference; lastKnownFileType = sourcecode.swift; path = AuthViewModel.swift; sourceTree = "<group>"; };
		15C03144289CD5E500D0354E /* RentalTabVM.swift */ = {isa = PBXFileReference; lastKnownFileType = sourcecode.swift; path = RentalTabVM.swift; sourceTree = "<group>"; };
		15CFAD2928B7456E0004CDF7 /* ItemInformation2.swift */ = {isa = PBXFileReference; lastKnownFileType = sourcecode.swift; path = ItemInformation2.swift; sourceTree = "<group>"; };
		15D4C580287FF15A008BB89B /* NavigationBarColor.swift */ = {isa = PBXFileReference; lastKnownFileType = sourcecode.swift; path = NavigationBarColor.swift; sourceTree = "<group>"; };
		15D4C582287FF7C0008BB89B /* SignUpVM.swift */ = {isa = PBXFileReference; lastKnownFileType = sourcecode.swift; path = SignUpVM.swift; sourceTree = "<group>"; };
		15D4C58428800AB4008BB89B /* PasswordTextField.swift */ = {isa = PBXFileReference; lastKnownFileType = sourcecode.swift; path = PasswordTextField.swift; sourceTree = "<group>"; };
		15D774F3288E2B8A00428465 /* NoticeCell.swift */ = {isa = PBXFileReference; lastKnownFileType = sourcecode.swift; path = NoticeCell.swift; sourceTree = "<group>"; };
		15D774F5288E37A900428465 /* RentalItemVCell.swift */ = {isa = PBXFileReference; lastKnownFileType = sourcecode.swift; path = RentalItemVCell.swift; sourceTree = "<group>"; };
		15F3672C289252B70073E094 /* SearchBar.swift */ = {isa = PBXFileReference; lastKnownFileType = sourcecode.swift; path = SearchBar.swift; sourceTree = "<group>"; };
		15F3672E289261300073E094 /* ShadowRectangle.swift */ = {isa = PBXFileReference; lastKnownFileType = sourcecode.swift; path = ShadowRectangle.swift; sourceTree = "<group>"; };
		15F3673428926F6F0073E094 /* ClubSearch.swift */ = {isa = PBXFileReference; lastKnownFileType = sourcecode.swift; path = ClubSearch.swift; sourceTree = "<group>"; };
		15F3673628927E770073E094 /* TransparentDivider.swift */ = {isa = PBXFileReference; lastKnownFileType = sourcecode.swift; path = TransparentDivider.swift; sourceTree = "<group>"; };
		15F4594128B31C86003E3C60 /* NotoSansKR-Bold.otf */ = {isa = PBXFileReference; lastKnownFileType = file; path = "NotoSansKR-Bold.otf"; sourceTree = "<group>"; };
		15FA687828BC5A2400B3DF0B /* Param.swift */ = {isa = PBXFileReference; lastKnownFileType = sourcecode.swift; path = Param.swift; sourceTree = "<group>"; };
		15FA687A28BC62B800B3DF0B /* Profile.swift */ = {isa = PBXFileReference; lastKnownFileType = sourcecode.swift; path = Profile.swift; sourceTree = "<group>"; };
		15FA688128BC718500B3DF0B /* GroupManagementExtension.swift */ = {isa = PBXFileReference; lastKnownFileType = sourcecode.swift; path = GroupManagementExtension.swift; sourceTree = "<group>"; };
		15FAF130287D5DFF00B35570 /* Ren2U.app */ = {isa = PBXFileReference; explicitFileType = wrapper.application; includeInIndex = 0; path = Ren2U.app; sourceTree = BUILT_PRODUCTS_DIR; };
		15FAF133287D5DFF00B35570 /* Ren2UApp.swift */ = {isa = PBXFileReference; lastKnownFileType = sourcecode.swift; path = Ren2UApp.swift; sourceTree = "<group>"; };
		15FAF135287D5DFF00B35570 /* ContentView.swift */ = {isa = PBXFileReference; lastKnownFileType = sourcecode.swift; path = ContentView.swift; sourceTree = "<group>"; };
		15FAF137287D5E0000B35570 /* Assets.xcassets */ = {isa = PBXFileReference; lastKnownFileType = folder.assetcatalog; path = Assets.xcassets; sourceTree = "<group>"; };
		15FAF13A287D5E0000B35570 /* Preview Assets.xcassets */ = {isa = PBXFileReference; lastKnownFileType = folder.assetcatalog; path = "Preview Assets.xcassets"; sourceTree = "<group>"; };
		15FAF140287D5E0000B35570 /* Ren2UTests.xctest */ = {isa = PBXFileReference; explicitFileType = wrapper.cfbundle; includeInIndex = 0; path = Ren2UTests.xctest; sourceTree = BUILT_PRODUCTS_DIR; };
		15FAF144287D5E0000B35570 /* Ren2UTests.swift */ = {isa = PBXFileReference; lastKnownFileType = sourcecode.swift; path = Ren2UTests.swift; sourceTree = "<group>"; };
		15FAF14A287D5E0000B35570 /* Ren2UUITests.xctest */ = {isa = PBXFileReference; explicitFileType = wrapper.cfbundle; includeInIndex = 0; path = Ren2UUITests.xctest; sourceTree = BUILT_PRODUCTS_DIR; };
		15FAF14E287D5E0000B35570 /* Ren2UUITests.swift */ = {isa = PBXFileReference; lastKnownFileType = sourcecode.swift; path = Ren2UUITests.swift; sourceTree = "<group>"; };
		15FAF150287D5E0000B35570 /* Ren2UUITestsLaunchTests.swift */ = {isa = PBXFileReference; lastKnownFileType = sourcecode.swift; path = Ren2UUITestsLaunchTests.swift; sourceTree = "<group>"; };
		15FAF15E287D5E1800B35570 /* Login.swift */ = {isa = PBXFileReference; lastKnownFileType = sourcecode.swift; path = Login.swift; sourceTree = "<group>"; };
		15FAF162287D5F0300B35570 /* CapsulePlaceholder.swift */ = {isa = PBXFileReference; lastKnownFileType = sourcecode.swift; path = CapsulePlaceholder.swift; sourceTree = "<group>"; };
		15FAF164287D5FFD00B35570 /* CapsuleSecurePlaceholder.swift */ = {isa = PBXFileReference; lastKnownFileType = sourcecode.swift; path = CapsuleSecurePlaceholder.swift; sourceTree = "<group>"; };
		15FAF168287D607800B35570 /* Extension.swift */ = {isa = PBXFileReference; lastKnownFileType = sourcecode.swift; path = Extension.swift; sourceTree = "<group>"; };
		15FD7CCC28C8EF7D007C4E96 /* CellWithOneSlideButton.swift */ = {isa = PBXFileReference; lastKnownFileType = sourcecode.swift; path = CellWithOneSlideButton.swift; sourceTree = "<group>"; };
/* End PBXFileReference section */

/* Begin PBXFrameworksBuildPhase section */
		15FAF12D287D5DFF00B35570 /* Frameworks */ = {
			isa = PBXFrameworksBuildPhase;
			buildActionMask = 2147483647;
			files = (
				1589C17328C8917C00D83FCC /* Kingfisher in Frameworks */,
				15228AB928C891A600A0B3C5 /* Alamofire in Frameworks */,
				1589C16D28C8914700D83FCC /* HidableTabView in Frameworks */,
				1589C17028C8915300D83FCC /* Introspect in Frameworks */,
			);
			runOnlyForDeploymentPostprocessing = 0;
		};
		15FAF13D287D5E0000B35570 /* Frameworks */ = {
			isa = PBXFrameworksBuildPhase;
			buildActionMask = 2147483647;
			files = (
			);
			runOnlyForDeploymentPostprocessing = 0;
		};
		15FAF147287D5E0000B35570 /* Frameworks */ = {
			isa = PBXFrameworksBuildPhase;
			buildActionMask = 2147483647;
			files = (
			);
			runOnlyForDeploymentPostprocessing = 0;
		};
/* End PBXFrameworksBuildPhase section */

/* Begin PBXGroup section */
		150072F2289A1F4B005B6A93 /* Rent */ = {
			isa = PBXGroup;
			children = (
				156386C3288A525C006653E8 /* RentalTab.swift */,
				150072F8289A3DFD005B6A93 /* ProductDetailView.swift */,
				154553CC28A34B25005E7FDB /* RentalSheet.swift */,
				154553D028A351AA005E7FDB /* RentalComplete.swift */,
				159F086728AC72170008EC16 /* RentalDatePicker.swift */,
				150072F7289A3DE6005B6A93 /* Cell */,
			);
			path = Rent;
			sourceTree = "<group>";
		};
		150072F7289A3DE6005B6A93 /* Cell */ = {
			isa = PBXGroup;
			children = (
				150072F3289A2042005B6A93 /* ProductCell.swift */,
				15228ABA28C8970A00A0B3C5 /* RentalCell.swift */,
			);
			path = Cell;
			sourceTree = "<group>";
		};
		151B556B28BC9D8C0090A5E8 /* Model */ = {
			isa = PBXGroup;
			children = (
				152C6F5528C8550C00AA420A /* Data */,
				1525F60328B739EF00C7CA51 /* enums.swift */,
				151B557028BCA1AA0090A5E8 /* Reponses.swift */,
				15FA687828BC5A2400B3DF0B /* Param.swift */,
				15FA688028BC717900B3DF0B /* Group */,
			);
			path = Model;
			sourceTree = "<group>";
		};
		151B556C28BC9DAC0090A5E8 /* View */ = {
			isa = PBXGroup;
			children = (
				15FAF166287D606700B35570 /* Global  */,
				15D4C57F287FD4CF008BB89B /* Auth */,
				156386BB288A51EE006653E8 /* Home */,
				156386DA288A6523006653E8 /* Club */,
				150072F2289A1F4B005B6A93 /* Rent */,
				15FA687428BC594000B3DF0B /* MyPage */,
				1525F60728B73DA800C7CA51 /* ItemRegistration */,
				157190EB28B701B400880F98 /* Management */,
				15FAF135287D5DFF00B35570 /* ContentView.swift */,
				156386B8288A513B006653E8 /* Ren2UTab.swift */,
			);
			path = View;
			sourceTree = "<group>";
		};
		151B556D28BC9EBC0090A5E8 /* ViewModel */ = {
			isa = PBXGroup;
			children = (
				1523D5E328BE29BE009EB733 /* Managemnet  */,
				1525F5FF28B7365D00C7CA51 /* ItemRegistration */,
				15C03143289CD5A900D0354E /* Rental */,
				15868738287EBB270003C2DC /* Auth */,
				156386D0288A5D06006653E8 /* Club */,
				152D462D28C5DF3A008F26E0 /* AmongTabsViewModel.swift */,
				152D462F28C606E5008F26E0 /* MapViewModel.swift */,
			);
			path = ViewModel;
			sourceTree = "<group>";
		};
		151E4E9328C4948B00FFB668 /* Scroll */ = {
			isa = PBXGroup;
			children = (
				1570663528A53139002F7365 /* BounceControllScrollView.swift */,
				1570663728A5413B002F7365 /* RefreshableScrollView.swift */,
				151E4E9128C4948600FFB668 /* SlideResettableScrollView.swift */,
			);
			path = Scroll;
			sourceTree = "<group>";
		};
		1523D5E328BE29BE009EB733 /* Managemnet  */ = {
			isa = PBXGroup;
			children = (
				1523D5E428BE29E9009EB733 /* ManagementViewModel.swift */,
			);
			path = "Managemnet ";
			sourceTree = "<group>";
		};
		15246BDE28851550000BDFC8 /* SubView */ = {
			isa = PBXGroup;
			children = (
				15D4C58428800AB4008BB89B /* PasswordTextField.swift */,
			);
			path = SubView;
			sourceTree = "<group>";
		};
		15246E1D28C0AA8E0021D4F0 /* PreferenceSetter */ = {
			isa = PBXGroup;
			children = (
				1514A10128B75CDA0040F681 /* HeightSetterView.swift */,
				157190E928B6FE0F00880F98 /* WidthSetterView .swift */,
				156673DD28C1C6860011535D /* MaxYSetterView.swift */,
			);
			path = PreferenceSetter;
			sourceTree = "<group>";
		};
		1525F5FF28B7365D00C7CA51 /* ItemRegistration */ = {
			isa = PBXGroup;
			children = (
				1525F60028B7366B00C7CA51 /* ItemViewModel.swift */,
			);
			path = ItemRegistration;
			sourceTree = "<group>";
		};
		1525F60728B73DA800C7CA51 /* ItemRegistration */ = {
			isa = PBXGroup;
			children = (
				157190F228B7053200880F98 /* ItemPhoto.swift */,
				1525F5FD28B7362C00C7CA51 /* ItemInformation.swift */,
				15CFAD2928B7456E0004CDF7 /* ItemInformation2.swift */,
				1525F60528B73B4700C7CA51 /* ItemCategory.swift */,
				1514A0FB28B7510C0040F681 /* PickUpLocation .swift */,
				1514A0FD28B753BB0040F681 /* PickUpLocationMap .swift */,
				1514A0FF28B7594F0040F681 /* ItemCaution.swift */,
			);
			path = ItemRegistration;
			sourceTree = "<group>";
		};
		152C6F5228C842C600AA420A /* extension */ = {
			isa = PBXGroup;
			children = (
				15FAF168287D607800B35570 /* Extension.swift */,
				152C6F5028C83F1A00AA420A /* ColorExtension.swift */,
				152C6F5328C842E600AA420A /* StringExtension.swift */,
			);
			path = extension;
			sourceTree = "<group>";
		};
		152C6F5528C8550C00AA420A /* Data */ = {
			isa = PBXGroup;
			children = (
				1523D5D728BDC986009EB733 /* UserData.swift */,
				152C6F5628C8551500AA420A /* RentalData.swift */,
				15228ABC28C89FA200A0B3C5 /* ProductData.swift */,
				15228ABE28C8A06300A0B3C5 /* NoticeData.swift */,
				15228AC028C8A08D00A0B3C5 /* ClubData.swift */,
			);
			path = Data;
			sourceTree = "<group>";
		};
		153C1A6C288CDDF200F89B2E /* Others */ = {
			isa = PBXGroup;
			children = (
				1523D5DF28BE138A009EB733 /* AssetImages.swift */,
				159F1B20288B88DB00012113 /* Variables.swift */,
				15D4C580287FF15A008BB89B /* NavigationBarColor.swift */,
			);
			path = Others;
			sourceTree = "<group>";
		};
		1550ECA928B35C3F00BECBE7 /* Styles */ = {
			isa = PBXGroup;
			children = (
				1550ECAA28B35C6B00BECBE7 /* CustomToggleStyle.swift */,
			);
			path = Styles;
			sourceTree = "<group>";
		};
		156386BB288A51EE006653E8 /* Home */ = {
			isa = PBXGroup;
			children = (
				156386BF288A5249006653E8 /* HomeTab.swift */,
			);
			path = Home;
			sourceTree = "<group>";
		};
		156386C7288A588D006653E8 /* Cell */ = {
			isa = PBXGroup;
			children = (
				156386D3288A5D84006653E8 /* FavoriteGroupCell.swift */,
				156386DB288A6E0B006653E8 /* HorizontalClubCell.swift */,
				15D774F3288E2B8A00428465 /* NoticeCell.swift */,
				15D774F5288E37A900428465 /* RentalItemVCell.swift */,
			);
			path = Cell;
			sourceTree = "<group>";
		};
		156386D0288A5D06006653E8 /* Club */ = {
			isa = PBXGroup;
			children = (
				156386D1288A5D1A006653E8 /* ClubViewModel.swift */,
				155CED5E28A0EA380032C1BA /* GroupTabVM.swift */,
				153C1A7C288D0A1F00F89B2E /* ClubProfileViewModel.swift */,
			);
			path = Club;
			sourceTree = "<group>";
		};
		156386DA288A6523006653E8 /* Club */ = {
			isa = PBXGroup;
			children = (
				156386C1288A5252006653E8 /* ClubTab.swift */,
				15F3673428926F6F0073E094 /* ClubSearch.swift */,
				156386CA288A5B2F006653E8 /* GroupSelected.swift */,
				153C1A7A288CF7D600F89B2E /* ClubProfile.swift */,
				152980EF288D39E500537A80 /* ClubPage.swift */,
				156386C7288A588D006653E8 /* Cell */,
			);
			path = Club;
			sourceTree = "<group>";
		};
		1563FE9128ADEE1600F46CC7 /* Cell */ = {
			isa = PBXGroup;
			children = (
				1563FE8F28ADEE0E00F46CC7 /* ManageRentalCell.swift */,
				1563FE9228ADEF9000F46CC7 /* SignUpNoticeCell.swift */,
				1563FE9428ADF62E00F46CC7 /* ReturnNoticeCell.swift */,
				1563FE9828ADFBA700F46CC7 /* RetnalNoticeCell.swift */,
				15AC7E3928BF2ECE00879106 /* ManageSignUpCell.swift */,
				15382EC928C1A338004D7977 /* ManageNoticeCell.swift */,
				151E4E8F28C4620400FFB668 /* ManageMemberCell.swift */,
				15799D3F28C789A70032D884 /* ManageProductCell.swift */,
			);
			path = Cell;
			sourceTree = "<group>";
		};
		157190EB28B701B400880F98 /* Management */ = {
			isa = PBXGroup;
			children = (
				1563FE8D28ADDF5600F46CC7 /* ClubManagementView.swift */,
				157190E728B6F5F300880F98 /* RentalAndItemManagement.swift */,
				1563FE9A28AE059D00F46CC7 /* ReturnManagement.swift */,
				157190EC28B7023600880F98 /* RentalManagementSelected.swift */,
				157190EE28B7024D00880F98 /* ProductManageView.swift */,
				1523D5E728BE2C8D009EB733 /* NoticeManagementView.swift */,
				1523D5E128BE291C009EB733 /* MemberManagementView.swift */,
				1523D5E928BE2CE7009EB733 /* CreateNoticeView.swift */,
				1563FE9128ADEE1600F46CC7 /* Cell */,
			);
			path = Management;
			sourceTree = "<group>";
		};
		15868738287EBB270003C2DC /* Auth */ = {
			isa = PBXGroup;
			children = (
				15BDC4212881218500514EF1 /* AuthViewModel.swift */,
				15246BD82884FD9A000BDFC8 /* LoginVM.swift */,
				15D4C582287FF7C0008BB89B /* SignUpVM.swift */,
				15868739287EBB3F0003C2DC /* CertificationVM.swift */,
			);
			path = Auth;
			sourceTree = "<group>";
		};
		159F1B22288B9F7000012113 /* Font */ = {
			isa = PBXGroup;
			children = (
				15F4594128B31C86003E3C60 /* NotoSansKR-Bold.otf */,
				154553CE28A34DB3005E7FDB /* NotoSansKR-Light.otf */,
				153C1A75288CEB9300F89B2E /* Roboto-Bold.ttf */,
				153C1A73288CEB7800F89B2E /* Roboto-Medium.ttf */,
				154553D228A35412005E7FDB /* NotoSansKR-Black.otf */,
				153C1A71288CE48900F89B2E /* Roboto-Regular.ttf */,
				153C1A6F288CE3A900F89B2E /* Roboto-Black.ttf */,
				153C1A6D288CDED600F89B2E /* NotoSansKR-Regular.otf */,
				159F1B23288B9F9A00012113 /* NotoSansKR-Medium.otf */,
				159F1B25288BA16000012113 /* CustomFont.swift */,
			);
			path = Font;
			sourceTree = "<group>";
		};
		15B63DA228AF38C3000AB82D /* Modifier */ = {
			isa = PBXGroup;
			children = (
				15B63DA328AF38EA000AB82D /* ViewExtensions .swift */,
			);
			path = Modifier;
			sourceTree = "<group>";
		};
		15C03143289CD5A900D0354E /* Rental */ = {
			isa = PBXGroup;
			children = (
				1563FE9628ADF6EE00F46CC7 /* RentalViewModel.swift */,
				15C03144289CD5E500D0354E /* RentalTabVM.swift */,
				154553D428A35CC3005E7FDB /* ItemVM.swift */,
				159F086B28ACAFBC0008EC16 /* RentalDetailVM.swift */,
			);
			path = Rental;
			sourceTree = "<group>";
		};
		15D4C57F287FD4CF008BB89B /* Auth */ = {
			isa = PBXGroup;
			children = (
				15246BDE28851550000BDFC8 /* SubView */,
				15FAF15E287D5E1800B35570 /* Login.swift */,
				152C3E80287E5E84000BFC97 /* SignUp.swift */,
				152C3E86287E7750000BFC97 /* Certification.swift */,
				152CA1D0288F84EE00DDC0E2 /* SignUpSuccess.swift */,
			);
			path = Auth;
			sourceTree = "<group>";
		};
		15F7606A289BA3FB0045055B /* Resources */ = {
			isa = PBXGroup;
			children = (
				15FAF133287D5DFF00B35570 /* Ren2UApp.swift */,
				15FAF13A287D5E0000B35570 /* Preview Assets.xcassets */,
				15FAF137287D5E0000B35570 /* Assets.xcassets */,
			);
			path = Resources;
			sourceTree = "<group>";
		};
		15FA687428BC594000B3DF0B /* MyPage */ = {
			isa = PBXGroup;
			children = (
				156386C5288A5263006653E8 /* MyPageTab.swift */,
				15FA687A28BC62B800B3DF0B /* Profile.swift */,
			);
			path = MyPage;
			sourceTree = "<group>";
		};
		15FA688028BC717900B3DF0B /* Group */ = {
			isa = PBXGroup;
			children = (
				15FA688128BC718500B3DF0B /* GroupManagementExtension.swift */,
			);
			path = Group;
			sourceTree = "<group>";
		};
		15FAF127287D5DFF00B35570 = {
			isa = PBXGroup;
			children = (
				15FAF132287D5DFF00B35570 /* Ren2U */,
				15FAF143287D5E0000B35570 /* Ren2UTests */,
				15FAF14D287D5E0000B35570 /* Ren2UUITests */,
				15FAF131287D5DFF00B35570 /* Products */,
			);
			sourceTree = "<group>";
		};
		15FAF131287D5DFF00B35570 /* Products */ = {
			isa = PBXGroup;
			children = (
				15FAF130287D5DFF00B35570 /* Ren2U.app */,
				15FAF140287D5E0000B35570 /* Ren2UTests.xctest */,
				15FAF14A287D5E0000B35570 /* Ren2UUITests.xctest */,
			);
			name = Products;
			sourceTree = "<group>";
		};
		15FAF132287D5DFF00B35570 /* Ren2U */ = {
			isa = PBXGroup;
			children = (
				159F1B24288BA0C200012113 /* Info.plist */,
				15FAF160287D5EC100B35570 /* Global */,
				151B556B28BC9D8C0090A5E8 /* Model */,
				151B556C28BC9DAC0090A5E8 /* View */,
				151B556D28BC9EBC0090A5E8 /* ViewModel */,
				15F7606A289BA3FB0045055B /* Resources */,
			);
			path = Ren2U;
			sourceTree = "<group>";
		};
		15FAF143287D5E0000B35570 /* Ren2UTests */ = {
			isa = PBXGroup;
			children = (
				15FAF144287D5E0000B35570 /* Ren2UTests.swift */,
			);
			path = Ren2UTests;
			sourceTree = "<group>";
		};
		15FAF14D287D5E0000B35570 /* Ren2UUITests */ = {
			isa = PBXGroup;
			children = (
				15FAF14E287D5E0000B35570 /* Ren2UUITests.swift */,
				15FAF150287D5E0000B35570 /* Ren2UUITestsLaunchTests.swift */,
			);
			path = Ren2UUITests;
			sourceTree = "<group>";
		};
		15FAF160287D5EC100B35570 /* Global */ = {
			isa = PBXGroup;
			children = (
				152C6F5228C842C600AA420A /* extension */,
				159F1B22288B9F7000012113 /* Font */,
				15B63DA228AF38C3000AB82D /* Modifier */,
				1550ECA928B35C3F00BECBE7 /* Styles */,
				153C1A6C288CDDF200F89B2E /* Others */,
			);
			path = Global;
			sourceTree = "<group>";
		};
		15FAF166287D606700B35570 /* Global  */ = {
			isa = PBXGroup;
			children = (
				15FD7CCC28C8EF7D007C4E96 /* CellWithOneSlideButton.swift */,
				156673DB28C1B6660011535D /* CellWithTwoSlideButton.swift */,
				151E4E9328C4948B00FFB668 /* Scroll */,
				15246E1D28C0AA8E0021D4F0 /* PreferenceSetter */,
				1523D5EE28BE33C4009EB733 /* EditorPlaceholder.swift */,
				15F3672C289252B70073E094 /* SearchBar.swift */,
				152C3E84287E6D6C000BFC97 /* BottomLinePlaceholder.swift */,
				152C3E82287E63D0000BFC97 /* BottomLineTextField.swift */,
				153C1A7F288D113F00F89B2E /* SimpleBottomLine .swift */,
				15FAF164287D5FFD00B35570 /* CapsuleSecurePlaceholder.swift */,
				15FAF162287D5F0300B35570 /* CapsulePlaceholder.swift */,
				15F3672E289261300073E094 /* ShadowRectangle.swift */,
				15F3673628927E770073E094 /* TransparentDivider.swift */,
				157190F028B7043100880F98 /* PlusCircle.swift */,
				157190F528B7072200880F98 /* RightArrow.swift */,
				158011782893992A006016AD /* ImagePicker.swift */,
				1525F5FB28B731A600C7CA51 /* ImagesPicker.swift */,
				151B557428BCAA2F0090A5E8 /* Modal .swift */,
				154B6B4328C31215004962B9 /* DoubleWheelPicker .swift */,
			);
			path = "Global ";
			sourceTree = "<group>";
		};
/* End PBXGroup section */

/* Begin PBXNativeTarget section */
		15FAF12F287D5DFF00B35570 /* Ren2U */ = {
			isa = PBXNativeTarget;
			buildConfigurationList = 15FAF154287D5E0000B35570 /* Build configuration list for PBXNativeTarget "Ren2U" */;
			buildPhases = (
				15FAF12C287D5DFF00B35570 /* Sources */,
				15FAF12D287D5DFF00B35570 /* Frameworks */,
				15FAF12E287D5DFF00B35570 /* Resources */,
			);
			buildRules = (
			);
			dependencies = (
			);
			name = Ren2U;
			packageProductDependencies = (
				1589C16C28C8914700D83FCC /* HidableTabView */,
				1589C16F28C8915300D83FCC /* Introspect */,
				1589C17228C8917C00D83FCC /* Kingfisher */,
				15228AB828C891A600A0B3C5 /* Alamofire */,
			);
			productName = Ren2U;
			productReference = 15FAF130287D5DFF00B35570 /* Ren2U.app */;
			productType = "com.apple.product-type.application";
		};
		15FAF13F287D5E0000B35570 /* Ren2UTests */ = {
			isa = PBXNativeTarget;
			buildConfigurationList = 15FAF157287D5E0000B35570 /* Build configuration list for PBXNativeTarget "Ren2UTests" */;
			buildPhases = (
				15FAF13C287D5E0000B35570 /* Sources */,
				15FAF13D287D5E0000B35570 /* Frameworks */,
				15FAF13E287D5E0000B35570 /* Resources */,
			);
			buildRules = (
			);
			dependencies = (
				15FAF142287D5E0000B35570 /* PBXTargetDependency */,
			);
			name = Ren2UTests;
			productName = Ren2UTests;
			productReference = 15FAF140287D5E0000B35570 /* Ren2UTests.xctest */;
			productType = "com.apple.product-type.bundle.unit-test";
		};
		15FAF149287D5E0000B35570 /* Ren2UUITests */ = {
			isa = PBXNativeTarget;
			buildConfigurationList = 15FAF15A287D5E0000B35570 /* Build configuration list for PBXNativeTarget "Ren2UUITests" */;
			buildPhases = (
				15FAF146287D5E0000B35570 /* Sources */,
				15FAF147287D5E0000B35570 /* Frameworks */,
				15FAF148287D5E0000B35570 /* Resources */,
			);
			buildRules = (
			);
			dependencies = (
				15FAF14C287D5E0000B35570 /* PBXTargetDependency */,
			);
			name = Ren2UUITests;
			productName = Ren2UUITests;
			productReference = 15FAF14A287D5E0000B35570 /* Ren2UUITests.xctest */;
			productType = "com.apple.product-type.bundle.ui-testing";
		};
/* End PBXNativeTarget section */

/* Begin PBXProject section */
		15FAF128287D5DFF00B35570 /* Project object */ = {
			isa = PBXProject;
			attributes = {
				BuildIndependentTargetsInParallel = 1;
				LastSwiftUpdateCheck = 1340;
				LastUpgradeCheck = 1340;
				TargetAttributes = {
					15FAF12F287D5DFF00B35570 = {
						CreatedOnToolsVersion = 13.4.1;
					};
					15FAF13F287D5E0000B35570 = {
						CreatedOnToolsVersion = 13.4.1;
						TestTargetID = 15FAF12F287D5DFF00B35570;
					};
					15FAF149287D5E0000B35570 = {
						CreatedOnToolsVersion = 13.4.1;
						TestTargetID = 15FAF12F287D5DFF00B35570;
					};
				};
			};
			buildConfigurationList = 15FAF12B287D5DFF00B35570 /* Build configuration list for PBXProject "Ren2U" */;
			compatibilityVersion = "Xcode 13.0";
			developmentRegion = en;
			hasScannedForEncodings = 0;
			knownRegions = (
				en,
				Base,
			);
			mainGroup = 15FAF127287D5DFF00B35570;
			packageReferences = (
				15E49BCE28C8906400AC4257 /* XCRemoteSwiftPackageReference "Alamofire" */,
				1589C16B28C8914700D83FCC /* XCRemoteSwiftPackageReference "HidableTabView-SwiftUI" */,
				1589C16E28C8915300D83FCC /* XCRemoteSwiftPackageReference "SwiftUI-Introspect" */,
				1589C17128C8917C00D83FCC /* XCRemoteSwiftPackageReference "Kingfisher" */,
				15228AB728C891A600A0B3C5 /* XCRemoteSwiftPackageReference "Alamofire" */,
			);
			productRefGroup = 15FAF131287D5DFF00B35570 /* Products */;
			projectDirPath = "";
			projectRoot = "";
			targets = (
				15FAF12F287D5DFF00B35570 /* Ren2U */,
				15FAF13F287D5E0000B35570 /* Ren2UTests */,
				15FAF149287D5E0000B35570 /* Ren2UUITests */,
			);
		};
/* End PBXProject section */

/* Begin PBXResourcesBuildPhase section */
		15FAF12E287D5DFF00B35570 /* Resources */ = {
			isa = PBXResourcesBuildPhase;
			buildActionMask = 2147483647;
			files = (
				15F4594228B31C86003E3C60 /* NotoSansKR-Bold.otf in Resources */,
				153C1A72288CE48900F89B2E /* Roboto-Regular.ttf in Resources */,
				159F1B27288BA6B100012113 /* NotoSansKR-Medium.otf in Resources */,
				15FAF13B287D5E0000B35570 /* Preview Assets.xcassets in Resources */,
				154553D328A35412005E7FDB /* NotoSansKR-Black.otf in Resources */,
				153C1A74288CEB7800F89B2E /* Roboto-Medium.ttf in Resources */,
				153C1A70288CE3A900F89B2E /* Roboto-Black.ttf in Resources */,
				153C1A6E288CDED600F89B2E /* NotoSansKR-Regular.otf in Resources */,
				154553CF28A34DB3005E7FDB /* NotoSansKR-Light.otf in Resources */,
				153C1A76288CEB9300F89B2E /* Roboto-Bold.ttf in Resources */,
				15FAF138287D5E0000B35570 /* Assets.xcassets in Resources */,
			);
			runOnlyForDeploymentPostprocessing = 0;
		};
		15FAF13E287D5E0000B35570 /* Resources */ = {
			isa = PBXResourcesBuildPhase;
			buildActionMask = 2147483647;
			files = (
			);
			runOnlyForDeploymentPostprocessing = 0;
		};
		15FAF148287D5E0000B35570 /* Resources */ = {
			isa = PBXResourcesBuildPhase;
			buildActionMask = 2147483647;
			files = (
			);
			runOnlyForDeploymentPostprocessing = 0;
		};
/* End PBXResourcesBuildPhase section */

/* Begin PBXSourcesBuildPhase section */
		15FAF12C287D5DFF00B35570 /* Sources */ = {
			isa = PBXSourcesBuildPhase;
			buildActionMask = 2147483647;
			files = (
				152980F0288D39E500537A80 /* ClubPage.swift in Sources */,
				152C3E81287E5E84000BFC97 /* SignUp.swift in Sources */,
				15FAF163287D5F0300B35570 /* CapsulePlaceholder.swift in Sources */,
				152C6F5728C8551500AA420A /* RentalData.swift in Sources */,
				153C1A7D288D0A1F00F89B2E /* ClubProfileViewModel.swift in Sources */,
				157190EF28B7024D00880F98 /* ProductManageView.swift in Sources */,
				1563FE9728ADF6EE00F46CC7 /* RentalViewModel.swift in Sources */,
				157190ED28B7023600880F98 /* RentalManagementSelected.swift in Sources */,
				1523D5EA28BE2CE7009EB733 /* CreateNoticeView.swift in Sources */,
				154553D128A351AA005E7FDB /* RentalComplete.swift in Sources */,
				15CFAD2A28B7456E0004CDF7 /* ItemInformation2.swift in Sources */,
				1550ECAB28B35C6B00BECBE7 /* CustomToggleStyle.swift in Sources */,
				1523D5E228BE291C009EB733 /* MemberManagementView.swift in Sources */,
				1563FE9328ADEF9000F46CC7 /* SignUpNoticeCell.swift in Sources */,
				1523D5E828BE2C8D009EB733 /* NoticeManagementView.swift in Sources */,
				15D4C58528800AB4008BB89B /* PasswordTextField.swift in Sources */,
				152C6F5428C842E600AA420A /* StringExtension.swift in Sources */,
				157190F128B7043100880F98 /* PlusCircle.swift in Sources */,
				156673DC28C1B6660011535D /* CellWithTwoSlideButton.swift in Sources */,
				154553CD28A34B25005E7FDB /* RentalSheet.swift in Sources */,
				152C3E87287E7750000BFC97 /* Certification.swift in Sources */,
				15228ABB28C8970A00A0B3C5 /* RentalCell.swift in Sources */,
				154553D528A35CC3005E7FDB /* ItemVM.swift in Sources */,
				153C1A80288D113F00F89B2E /* SimpleBottomLine .swift in Sources */,
				1563FE9928ADFBA700F46CC7 /* RetnalNoticeCell.swift in Sources */,
				15799D4028C789A70032D884 /* ManageProductCell.swift in Sources */,
				156386C0288A5249006653E8 /* HomeTab.swift in Sources */,
				150072F9289A3DFD005B6A93 /* ProductDetailView.swift in Sources */,
				1586873A287EBB3F0003C2DC /* CertificationVM.swift in Sources */,
				156386C2288A5252006653E8 /* ClubTab.swift in Sources */,
				158011792893992A006016AD /* ImagePicker.swift in Sources */,
				152D463028C606E5008F26E0 /* MapViewModel.swift in Sources */,
				1525F60428B739EF00C7CA51 /* enums.swift in Sources */,
				15FA688228BC718500B3DF0B /* GroupManagementExtension.swift in Sources */,
				15B63DA428AF38EA000AB82D /* ViewExtensions .swift in Sources */,
				15382ECA28C1A338004D7977 /* ManageNoticeCell.swift in Sources */,
				159F1B21288B88DB00012113 /* Variables.swift in Sources */,
				155CED5F28A0EA380032C1BA /* GroupTabVM.swift in Sources */,
				1570663628A53139002F7365 /* BounceControllScrollView.swift in Sources */,
				157190EA28B6FE0F00880F98 /* WidthSetterView .swift in Sources */,
				151B557528BCAA2F0090A5E8 /* Modal .swift in Sources */,
				157190F628B7072200880F98 /* RightArrow.swift in Sources */,
				156386D2288A5D1A006653E8 /* ClubViewModel.swift in Sources */,
				159F1B26288BA16000012113 /* CustomFont.swift in Sources */,
				1523D5E528BE29E9009EB733 /* ManagementViewModel.swift in Sources */,
				15246BD92884FD9A000BDFC8 /* LoginVM.swift in Sources */,
				1514A0FE28B753BB0040F681 /* PickUpLocationMap .swift in Sources */,
				15D774F4288E2B8A00428465 /* NoticeCell.swift in Sources */,
				151E4E9028C4620400FFB668 /* ManageMemberCell.swift in Sources */,
				15F3672F289261300073E094 /* ShadowRectangle.swift in Sources */,
				15D774F6288E37A900428465 /* RentalItemVCell.swift in Sources */,
				154B6B4428C31215004962B9 /* DoubleWheelPicker .swift in Sources */,
				156386DC288A6E0B006653E8 /* HorizontalClubCell.swift in Sources */,
				153C1A7B288CF7D600F89B2E /* ClubProfile.swift in Sources */,
				15FAF165287D5FFD00B35570 /* CapsuleSecurePlaceholder.swift in Sources */,
				15FA687B28BC62B800B3DF0B /* Profile.swift in Sources */,
				15FA687928BC5A2400B3DF0B /* Param.swift in Sources */,
				1563FE9B28AE059D00F46CC7 /* ReturnManagement.swift in Sources */,
				156386D4288A5D84006653E8 /* FavoriteGroupCell.swift in Sources */,
				150072F4289A2042005B6A93 /* ProductCell.swift in Sources */,
				15FAF136287D5DFF00B35570 /* ContentView.swift in Sources */,
				159F086828AC72170008EC16 /* RentalDatePicker.swift in Sources */,
				1523D5E028BE138B009EB733 /* AssetImages.swift in Sources */,
				1523D5EF28BE33C4009EB733 /* EditorPlaceholder.swift in Sources */,
				151E4E9228C4948600FFB668 /* SlideResettableScrollView.swift in Sources */,
				15FAF169287D607800B35570 /* Extension.swift in Sources */,
				1514A10228B75CDA0040F681 /* HeightSetterView.swift in Sources */,
				1563FE9528ADF62E00F46CC7 /* ReturnNoticeCell.swift in Sources */,
				1570663828A5413B002F7365 /* RefreshableScrollView.swift in Sources */,
				156386CB288A5B2F006653E8 /* GroupSelected.swift in Sources */,
				15D4C581287FF15A008BB89B /* NavigationBarColor.swift in Sources */,
				152CA1D1288F84EE00DDC0E2 /* SignUpSuccess.swift in Sources */,
				15FAF134287D5DFF00B35570 /* Ren2UApp.swift in Sources */,
				15F3673528926F6F0073E094 /* ClubSearch.swift in Sources */,
				1514A0FC28B7510C0040F681 /* PickUpLocation .swift in Sources */,
				1563FE8E28ADDF5600F46CC7 /* ClubManagementView.swift in Sources */,
				15FAF15F287D5E1800B35570 /* Login.swift in Sources */,
				157190E828B6F5F300880F98 /* RentalAndItemManagement.swift in Sources */,
				1525F60628B73B4700C7CA51 /* ItemCategory.swift in Sources */,
				152C3E83287E63D0000BFC97 /* BottomLineTextField.swift in Sources */,
				1525F5FC28B731A600C7CA51 /* ImagesPicker.swift in Sources */,
				152C3E85287E6D6C000BFC97 /* BottomLinePlaceholder.swift in Sources */,
				15F3672D289252B70073E094 /* SearchBar.swift in Sources */,
				1525F5FE28B7362C00C7CA51 /* ItemInformation.swift in Sources */,
				159F086C28ACAFBC0008EC16 /* RentalDetailVM.swift in Sources */,
				15BDC4222881218500514EF1 /* AuthViewModel.swift in Sources */,
				1525F60128B7366B00C7CA51 /* ItemViewModel.swift in Sources */,
				1523D5D828BDC986009EB733 /* UserData.swift in Sources */,
				15C03145289CD5E500D0354E /* RentalTabVM.swift in Sources */,
				1563FE9028ADEE0E00F46CC7 /* ManageRentalCell.swift in Sources */,
				15AC7E3A28BF2ECE00879106 /* ManageSignUpCell.swift in Sources */,
				157190F328B7053200880F98 /* ItemPhoto.swift in Sources */,
				156386B9288A513B006653E8 /* Ren2UTab.swift in Sources */,
				152D462E28C5DF3A008F26E0 /* AmongTabsViewModel.swift in Sources */,
				156386C4288A525C006653E8 /* RentalTab.swift in Sources */,
				15228ABF28C8A06300A0B3C5 /* NoticeData.swift in Sources */,
				152C6F5128C83F1A00AA420A /* ColorExtension.swift in Sources */,
				15D4C583287FF7C0008BB89B /* SignUpVM.swift in Sources */,
				15228AC128C8A08D00A0B3C5 /* ClubData.swift in Sources */,
				156673DE28C1C6860011535D /* MaxYSetterView.swift in Sources */,
				151B557128BCA1AA0090A5E8 /* Reponses.swift in Sources */,
				1514A10028B7594F0040F681 /* ItemCaution.swift in Sources */,
				156386C6288A5263006653E8 /* MyPageTab.swift in Sources */,
				15F3673728927E770073E094 /* TransparentDivider.swift in Sources */,
				15FD7CCD28C8EF7D007C4E96 /* CellWithOneSlideButton.swift in Sources */,
				15228ABD28C89FA200A0B3C5 /* ProductData.swift in Sources */,
			);
			runOnlyForDeploymentPostprocessing = 0;
		};
		15FAF13C287D5E0000B35570 /* Sources */ = {
			isa = PBXSourcesBuildPhase;
			buildActionMask = 2147483647;
			files = (
				15FAF145287D5E0000B35570 /* Ren2UTests.swift in Sources */,
			);
			runOnlyForDeploymentPostprocessing = 0;
		};
		15FAF146287D5E0000B35570 /* Sources */ = {
			isa = PBXSourcesBuildPhase;
			buildActionMask = 2147483647;
			files = (
				15FAF14F287D5E0000B35570 /* Ren2UUITests.swift in Sources */,
				15FAF151287D5E0000B35570 /* Ren2UUITestsLaunchTests.swift in Sources */,
			);
			runOnlyForDeploymentPostprocessing = 0;
		};
/* End PBXSourcesBuildPhase section */

/* Begin PBXTargetDependency section */
		15FAF142287D5E0000B35570 /* PBXTargetDependency */ = {
			isa = PBXTargetDependency;
			target = 15FAF12F287D5DFF00B35570 /* Ren2U */;
			targetProxy = 15FAF141287D5E0000B35570 /* PBXContainerItemProxy */;
		};
		15FAF14C287D5E0000B35570 /* PBXTargetDependency */ = {
			isa = PBXTargetDependency;
			target = 15FAF12F287D5DFF00B35570 /* Ren2U */;
			targetProxy = 15FAF14B287D5E0000B35570 /* PBXContainerItemProxy */;
		};
/* End PBXTargetDependency section */

/* Begin XCBuildConfiguration section */
		15FAF152287D5E0000B35570 /* Debug */ = {
			isa = XCBuildConfiguration;
			buildSettings = {
				ALWAYS_SEARCH_USER_PATHS = NO;
				CLANG_ANALYZER_NONNULL = YES;
				CLANG_ANALYZER_NUMBER_OBJECT_CONVERSION = YES_AGGRESSIVE;
				CLANG_CXX_LANGUAGE_STANDARD = "gnu++17";
				CLANG_ENABLE_MODULES = YES;
				CLANG_ENABLE_OBJC_ARC = YES;
				CLANG_ENABLE_OBJC_WEAK = YES;
				CLANG_WARN_BLOCK_CAPTURE_AUTORELEASING = YES;
				CLANG_WARN_BOOL_CONVERSION = YES;
				CLANG_WARN_COMMA = YES;
				CLANG_WARN_CONSTANT_CONVERSION = YES;
				CLANG_WARN_DEPRECATED_OBJC_IMPLEMENTATIONS = YES;
				CLANG_WARN_DIRECT_OBJC_ISA_USAGE = YES_ERROR;
				CLANG_WARN_DOCUMENTATION_COMMENTS = YES;
				CLANG_WARN_EMPTY_BODY = YES;
				CLANG_WARN_ENUM_CONVERSION = YES;
				CLANG_WARN_INFINITE_RECURSION = YES;
				CLANG_WARN_INT_CONVERSION = YES;
				CLANG_WARN_NON_LITERAL_NULL_CONVERSION = YES;
				CLANG_WARN_OBJC_IMPLICIT_RETAIN_SELF = YES;
				CLANG_WARN_OBJC_LITERAL_CONVERSION = YES;
				CLANG_WARN_OBJC_ROOT_CLASS = YES_ERROR;
				CLANG_WARN_QUOTED_INCLUDE_IN_FRAMEWORK_HEADER = YES;
				CLANG_WARN_RANGE_LOOP_ANALYSIS = YES;
				CLANG_WARN_STRICT_PROTOTYPES = YES;
				CLANG_WARN_SUSPICIOUS_MOVE = YES;
				CLANG_WARN_UNGUARDED_AVAILABILITY = YES_AGGRESSIVE;
				CLANG_WARN_UNREACHABLE_CODE = YES;
				CLANG_WARN__DUPLICATE_METHOD_MATCH = YES;
				COPY_PHASE_STRIP = NO;
				DEBUG_INFORMATION_FORMAT = dwarf;
				ENABLE_STRICT_OBJC_MSGSEND = YES;
				ENABLE_TESTABILITY = YES;
				GCC_C_LANGUAGE_STANDARD = gnu11;
				GCC_DYNAMIC_NO_PIC = NO;
				GCC_NO_COMMON_BLOCKS = YES;
				GCC_OPTIMIZATION_LEVEL = 0;
				GCC_PREPROCESSOR_DEFINITIONS = (
					"DEBUG=1",
					"$(inherited)",
				);
				GCC_WARN_64_TO_32_BIT_CONVERSION = YES;
				GCC_WARN_ABOUT_RETURN_TYPE = YES_ERROR;
				GCC_WARN_UNDECLARED_SELECTOR = YES;
				GCC_WARN_UNINITIALIZED_AUTOS = YES_AGGRESSIVE;
				GCC_WARN_UNUSED_FUNCTION = YES;
				GCC_WARN_UNUSED_VARIABLE = YES;
				IPHONEOS_DEPLOYMENT_TARGET = 15.6;
				MTL_ENABLE_DEBUG_INFO = INCLUDE_SOURCE;
				MTL_FAST_MATH = YES;
				ONLY_ACTIVE_ARCH = YES;
				SDKROOT = iphoneos;
				SWIFT_ACTIVE_COMPILATION_CONDITIONS = DEBUG;
				SWIFT_OPTIMIZATION_LEVEL = "-Onone";
			};
			name = Debug;
		};
		15FAF153287D5E0000B35570 /* Release */ = {
			isa = XCBuildConfiguration;
			buildSettings = {
				ALWAYS_SEARCH_USER_PATHS = NO;
				CLANG_ANALYZER_NONNULL = YES;
				CLANG_ANALYZER_NUMBER_OBJECT_CONVERSION = YES_AGGRESSIVE;
				CLANG_CXX_LANGUAGE_STANDARD = "gnu++17";
				CLANG_ENABLE_MODULES = YES;
				CLANG_ENABLE_OBJC_ARC = YES;
				CLANG_ENABLE_OBJC_WEAK = YES;
				CLANG_WARN_BLOCK_CAPTURE_AUTORELEASING = YES;
				CLANG_WARN_BOOL_CONVERSION = YES;
				CLANG_WARN_COMMA = YES;
				CLANG_WARN_CONSTANT_CONVERSION = YES;
				CLANG_WARN_DEPRECATED_OBJC_IMPLEMENTATIONS = YES;
				CLANG_WARN_DIRECT_OBJC_ISA_USAGE = YES_ERROR;
				CLANG_WARN_DOCUMENTATION_COMMENTS = YES;
				CLANG_WARN_EMPTY_BODY = YES;
				CLANG_WARN_ENUM_CONVERSION = YES;
				CLANG_WARN_INFINITE_RECURSION = YES;
				CLANG_WARN_INT_CONVERSION = YES;
				CLANG_WARN_NON_LITERAL_NULL_CONVERSION = YES;
				CLANG_WARN_OBJC_IMPLICIT_RETAIN_SELF = YES;
				CLANG_WARN_OBJC_LITERAL_CONVERSION = YES;
				CLANG_WARN_OBJC_ROOT_CLASS = YES_ERROR;
				CLANG_WARN_QUOTED_INCLUDE_IN_FRAMEWORK_HEADER = YES;
				CLANG_WARN_RANGE_LOOP_ANALYSIS = YES;
				CLANG_WARN_STRICT_PROTOTYPES = YES;
				CLANG_WARN_SUSPICIOUS_MOVE = YES;
				CLANG_WARN_UNGUARDED_AVAILABILITY = YES_AGGRESSIVE;
				CLANG_WARN_UNREACHABLE_CODE = YES;
				CLANG_WARN__DUPLICATE_METHOD_MATCH = YES;
				COPY_PHASE_STRIP = NO;
				DEBUG_INFORMATION_FORMAT = "dwarf-with-dsym";
				ENABLE_NS_ASSERTIONS = NO;
				ENABLE_STRICT_OBJC_MSGSEND = YES;
				GCC_C_LANGUAGE_STANDARD = gnu11;
				GCC_NO_COMMON_BLOCKS = YES;
				GCC_WARN_64_TO_32_BIT_CONVERSION = YES;
				GCC_WARN_ABOUT_RETURN_TYPE = YES_ERROR;
				GCC_WARN_UNDECLARED_SELECTOR = YES;
				GCC_WARN_UNINITIALIZED_AUTOS = YES_AGGRESSIVE;
				GCC_WARN_UNUSED_FUNCTION = YES;
				GCC_WARN_UNUSED_VARIABLE = YES;
				IPHONEOS_DEPLOYMENT_TARGET = 15.6;
				MTL_ENABLE_DEBUG_INFO = NO;
				MTL_FAST_MATH = YES;
				SDKROOT = iphoneos;
				SWIFT_COMPILATION_MODE = wholemodule;
				SWIFT_OPTIMIZATION_LEVEL = "-O";
				VALIDATE_PRODUCT = YES;
			};
			name = Release;
		};
		15FAF155287D5E0000B35570 /* Debug */ = {
			isa = XCBuildConfiguration;
			buildSettings = {
				ASSETCATALOG_COMPILER_APPICON_NAME = AppIcon;
				ASSETCATALOG_COMPILER_GLOBAL_ACCENT_COLOR_NAME = AccentColor;
				CODE_SIGN_STYLE = Automatic;
				CURRENT_PROJECT_VERSION = 1;
				DEVELOPMENT_ASSET_PATHS = "\"Ren2U/Resources\"";
				DEVELOPMENT_TEAM = MAU8HFALP8;
				ENABLE_PREVIEWS = YES;
				GENERATE_INFOPLIST_FILE = YES;
				INFOPLIST_FILE = Ren2U/Info.plist;
				INFOPLIST_KEY_NSCameraUsageDescription = "카메라에 접근합니다";
				INFOPLIST_KEY_NSLocationWhenInUseUsageDescription = "물품 등록과 대여를 위해 위치 정보를 조회합니다. ";
				INFOPLIST_KEY_UIApplicationSceneManifest_Generation = YES;
				INFOPLIST_KEY_UIApplicationSupportsIndirectInputEvents = YES;
				INFOPLIST_KEY_UILaunchScreen_Generation = YES;
				INFOPLIST_KEY_UISupportedInterfaceOrientations_iPad = "UIInterfaceOrientationPortrait UIInterfaceOrientationPortraitUpsideDown UIInterfaceOrientationLandscapeLeft UIInterfaceOrientationLandscapeRight";
				INFOPLIST_KEY_UISupportedInterfaceOrientations_iPhone = "UIInterfaceOrientationPortrait UIInterfaceOrientationLandscapeLeft UIInterfaceOrientationLandscapeRight";
				INFOPLIST_KEY_UIUserInterfaceStyle = Light;
				IPHONEOS_DEPLOYMENT_TARGET = 15.5;
				LD_RUNPATH_SEARCH_PATHS = (
					"$(inherited)",
					"@executable_path/Frameworks",
				);
				MARKETING_VERSION = 1.0;
				PRODUCT_BUNDLE_IDENTIFIER = com.page.Ren2U;
				PRODUCT_NAME = "$(TARGET_NAME)";
				SWIFT_EMIT_LOC_STRINGS = YES;
				SWIFT_VERSION = 5.0;
				TARGETED_DEVICE_FAMILY = "1,2";
			};
			name = Debug;
		};
		15FAF156287D5E0000B35570 /* Release */ = {
			isa = XCBuildConfiguration;
			buildSettings = {
				ASSETCATALOG_COMPILER_APPICON_NAME = AppIcon;
				ASSETCATALOG_COMPILER_GLOBAL_ACCENT_COLOR_NAME = AccentColor;
				CODE_SIGN_STYLE = Automatic;
				CURRENT_PROJECT_VERSION = 1;
				DEVELOPMENT_ASSET_PATHS = "\"Ren2U/Resources\"";
				DEVELOPMENT_TEAM = MAU8HFALP8;
				ENABLE_PREVIEWS = YES;
				GENERATE_INFOPLIST_FILE = YES;
				INFOPLIST_FILE = Ren2U/Info.plist;
				INFOPLIST_KEY_NSCameraUsageDescription = "카메라에 접근합니다";
				INFOPLIST_KEY_NSLocationWhenInUseUsageDescription = "물품 등록과 대여를 위해 위치 정보를 조회합니다. ";
				INFOPLIST_KEY_UIApplicationSceneManifest_Generation = YES;
				INFOPLIST_KEY_UIApplicationSupportsIndirectInputEvents = YES;
				INFOPLIST_KEY_UILaunchScreen_Generation = YES;
				INFOPLIST_KEY_UISupportedInterfaceOrientations_iPad = "UIInterfaceOrientationPortrait UIInterfaceOrientationPortraitUpsideDown UIInterfaceOrientationLandscapeLeft UIInterfaceOrientationLandscapeRight";
				INFOPLIST_KEY_UISupportedInterfaceOrientations_iPhone = "UIInterfaceOrientationPortrait UIInterfaceOrientationLandscapeLeft UIInterfaceOrientationLandscapeRight";
				INFOPLIST_KEY_UIUserInterfaceStyle = Light;
				IPHONEOS_DEPLOYMENT_TARGET = 15.5;
				LD_RUNPATH_SEARCH_PATHS = (
					"$(inherited)",
					"@executable_path/Frameworks",
				);
				MARKETING_VERSION = 1.0;
				PRODUCT_BUNDLE_IDENTIFIER = com.page.Ren2U;
				PRODUCT_NAME = "$(TARGET_NAME)";
				SWIFT_EMIT_LOC_STRINGS = YES;
				SWIFT_VERSION = 5.0;
				TARGETED_DEVICE_FAMILY = "1,2";
			};
			name = Release;
		};
		15FAF158287D5E0000B35570 /* Debug */ = {
			isa = XCBuildConfiguration;
			buildSettings = {
				ALWAYS_EMBED_SWIFT_STANDARD_LIBRARIES = YES;
				BUNDLE_LOADER = "$(TEST_HOST)";
				CODE_SIGN_STYLE = Automatic;
				CURRENT_PROJECT_VERSION = 1;
				DEVELOPMENT_TEAM = MAU8HFALP8;
				GENERATE_INFOPLIST_FILE = YES;
				IPHONEOS_DEPLOYMENT_TARGET = 15.5;
				MARKETING_VERSION = 1.0;
				PRODUCT_BUNDLE_IDENTIFIER = com.page.Ren2UTests;
				PRODUCT_NAME = "$(TARGET_NAME)";
				SWIFT_EMIT_LOC_STRINGS = NO;
				SWIFT_VERSION = 5.0;
				TARGETED_DEVICE_FAMILY = "1,2";
				TEST_HOST = "$(BUILT_PRODUCTS_DIR)/Ren2U.app/Ren2U";
			};
			name = Debug;
		};
		15FAF159287D5E0000B35570 /* Release */ = {
			isa = XCBuildConfiguration;
			buildSettings = {
				ALWAYS_EMBED_SWIFT_STANDARD_LIBRARIES = YES;
				BUNDLE_LOADER = "$(TEST_HOST)";
				CODE_SIGN_STYLE = Automatic;
				CURRENT_PROJECT_VERSION = 1;
				DEVELOPMENT_TEAM = MAU8HFALP8;
				GENERATE_INFOPLIST_FILE = YES;
				IPHONEOS_DEPLOYMENT_TARGET = 15.5;
				MARKETING_VERSION = 1.0;
				PRODUCT_BUNDLE_IDENTIFIER = com.page.Ren2UTests;
				PRODUCT_NAME = "$(TARGET_NAME)";
				SWIFT_EMIT_LOC_STRINGS = NO;
				SWIFT_VERSION = 5.0;
				TARGETED_DEVICE_FAMILY = "1,2";
				TEST_HOST = "$(BUILT_PRODUCTS_DIR)/Ren2U.app/Ren2U";
			};
			name = Release;
		};
		15FAF15B287D5E0000B35570 /* Debug */ = {
			isa = XCBuildConfiguration;
			buildSettings = {
				ALWAYS_EMBED_SWIFT_STANDARD_LIBRARIES = YES;
				CODE_SIGN_STYLE = Automatic;
				CURRENT_PROJECT_VERSION = 1;
				DEVELOPMENT_TEAM = MAU8HFALP8;
				GENERATE_INFOPLIST_FILE = YES;
				MARKETING_VERSION = 1.0;
				PRODUCT_BUNDLE_IDENTIFIER = com.page.Ren2UUITests;
				PRODUCT_NAME = "$(TARGET_NAME)";
				SWIFT_EMIT_LOC_STRINGS = NO;
				SWIFT_VERSION = 5.0;
				TARGETED_DEVICE_FAMILY = "1,2";
				TEST_TARGET_NAME = Ren2U;
			};
			name = Debug;
		};
		15FAF15C287D5E0000B35570 /* Release */ = {
			isa = XCBuildConfiguration;
			buildSettings = {
				ALWAYS_EMBED_SWIFT_STANDARD_LIBRARIES = YES;
				CODE_SIGN_STYLE = Automatic;
				CURRENT_PROJECT_VERSION = 1;
				DEVELOPMENT_TEAM = MAU8HFALP8;
				GENERATE_INFOPLIST_FILE = YES;
				MARKETING_VERSION = 1.0;
				PRODUCT_BUNDLE_IDENTIFIER = com.page.Ren2UUITests;
				PRODUCT_NAME = "$(TARGET_NAME)";
				SWIFT_EMIT_LOC_STRINGS = NO;
				SWIFT_VERSION = 5.0;
				TARGETED_DEVICE_FAMILY = "1,2";
				TEST_TARGET_NAME = Ren2U;
			};
			name = Release;
		};
/* End XCBuildConfiguration section */

/* Begin XCConfigurationList section */
		15FAF12B287D5DFF00B35570 /* Build configuration list for PBXProject "Ren2U" */ = {
			isa = XCConfigurationList;
			buildConfigurations = (
				15FAF152287D5E0000B35570 /* Debug */,
				15FAF153287D5E0000B35570 /* Release */,
			);
			defaultConfigurationIsVisible = 0;
			defaultConfigurationName = Release;
		};
		15FAF154287D5E0000B35570 /* Build configuration list for PBXNativeTarget "Ren2U" */ = {
			isa = XCConfigurationList;
			buildConfigurations = (
				15FAF155287D5E0000B35570 /* Debug */,
				15FAF156287D5E0000B35570 /* Release */,
			);
			defaultConfigurationIsVisible = 0;
			defaultConfigurationName = Release;
		};
		15FAF157287D5E0000B35570 /* Build configuration list for PBXNativeTarget "Ren2UTests" */ = {
			isa = XCConfigurationList;
			buildConfigurations = (
				15FAF158287D5E0000B35570 /* Debug */,
				15FAF159287D5E0000B35570 /* Release */,
			);
			defaultConfigurationIsVisible = 0;
			defaultConfigurationName = Release;
		};
		15FAF15A287D5E0000B35570 /* Build configuration list for PBXNativeTarget "Ren2UUITests" */ = {
			isa = XCConfigurationList;
			buildConfigurations = (
				15FAF15B287D5E0000B35570 /* Debug */,
				15FAF15C287D5E0000B35570 /* Release */,
			);
			defaultConfigurationIsVisible = 0;
			defaultConfigurationName = Release;
		};
/* End XCConfigurationList section */

/* Begin XCRemoteSwiftPackageReference section */
		15228AB728C891A600A0B3C5 /* XCRemoteSwiftPackageReference "Alamofire" */ = {
			isa = XCRemoteSwiftPackageReference;
			repositoryURL = "https://github.com/Alamofire/Alamofire.git";
			requirement = {
				kind = upToNextMajorVersion;
				minimumVersion = 5.0.0;
			};
		};
		1589C16B28C8914700D83FCC /* XCRemoteSwiftPackageReference "HidableTabView-SwiftUI" */ = {
			isa = XCRemoteSwiftPackageReference;
			repositoryURL = "https://github.com/AliMert/HidableTabView-SwiftUI.git";
			requirement = {
				kind = upToNextMajorVersion;
				minimumVersion = 1.0.0;
			};
		};
		1589C16E28C8915300D83FCC /* XCRemoteSwiftPackageReference "SwiftUI-Introspect" */ = {
			isa = XCRemoteSwiftPackageReference;
			repositoryURL = "https://github.com/siteline/SwiftUI-Introspect.git";
			requirement = {
				kind = upToNextMajorVersion;
				minimumVersion = 0.1.4;
			};
		};
		1589C17128C8917C00D83FCC /* XCRemoteSwiftPackageReference "Kingfisher" */ = {
			isa = XCRemoteSwiftPackageReference;
			repositoryURL = "https://github.com/onevcat/Kingfisher.git";
			requirement = {
				kind = upToNextMajorVersion;
				minimumVersion = 7.0.0;
			};
		};
		15E49BCE28C8906400AC4257 /* XCRemoteSwiftPackageReference "Alamofire" */ = {
			isa = XCRemoteSwiftPackageReference;
			repositoryURL = "https://github.com/Alamofire/Alamofire.git";
			requirement = {
				kind = upToNextMajorVersion;
				minimumVersion = 5.0.0;
			};
		};
/* End XCRemoteSwiftPackageReference section */

/* Begin XCSwiftPackageProductDependency section */
		15228AB828C891A600A0B3C5 /* Alamofire */ = {
			isa = XCSwiftPackageProductDependency;
			package = 15E49BCE28C8906400AC4257 /* XCRemoteSwiftPackageReference "Alamofire" */;
			productName = Alamofire;
		};
		1589C16C28C8914700D83FCC /* HidableTabView */ = {
			isa = XCSwiftPackageProductDependency;
			package = 1589C16B28C8914700D83FCC /* XCRemoteSwiftPackageReference "HidableTabView-SwiftUI" */;
			productName = HidableTabView;
		};
		1589C16F28C8915300D83FCC /* Introspect */ = {
			isa = XCSwiftPackageProductDependency;
			package = 1589C16E28C8915300D83FCC /* XCRemoteSwiftPackageReference "SwiftUI-Introspect" */;
			productName = Introspect;
		};
		1589C17228C8917C00D83FCC /* Kingfisher */ = {
			isa = XCSwiftPackageProductDependency;
			package = 1589C17128C8917C00D83FCC /* XCRemoteSwiftPackageReference "Kingfisher" */;
			productName = Kingfisher;
		};
/* End XCSwiftPackageProductDependency section */
	};
	rootObject = 15FAF128287D5DFF00B35570 /* Project object */;
}
